
Microsoft Visual Studio Solution File, Format Version 10.00
# Visual Studio 2008
Project("{2150E333-8FDC-42A3-9474-1A3956D46DE8}") = "Content", "Content", "{7DB53567-CA6D-4F58-A2AB-337764CAFF55}"
EndProject
Project("{2150E333-8FDC-42A3-9474-1A3956D46DE8}") = "GamesManager", "GamesManager", "{3FAF788A-9BFB-413C-A85B-197BEE7F1321}"
EndProject
Project("{8BC9CEB8-8B4A-11D0-8D11-00A0C91BC942}") = "core", "src\core\core.vcproj", "{762B44B2-4615-4C7D-9418-DC604A6D930A}"
	ProjectSection(ProjectDependencies) = postProject
		{F3930F29-C621-41EA-892C-8B5D48C5D2BB} = {F3930F29-C621-41EA-892C-8B5D48C5D2BB}
		{3544CC4C-ABD8-4820-88C7-B93FA53A78E6} = {3544CC4C-ABD8-4820-88C7-B93FA53A78E6}
		{84289E70-D37A-482E-A1D5-72E6773826DC} = {84289E70-D37A-482E-A1D5-72E6773826DC}
		{608DC682-E676-4AA0-8886-FB8177C3A9B6} = {608DC682-E676-4AA0-8886-FB8177C3A9B6}
		{CD45229C-C675-473F-8AA1-2F8A782D754B} = {CD45229C-C675-473F-8AA1-2F8A782D754B}
		{60A53EEC-B17E-4BB8-9626-064ADA85CFC7} = {60A53EEC-B17E-4BB8-9626-064ADA85CFC7}
	EndProjectSection
EndProject
Project("{8BC9CEB8-8B4A-11D0-8D11-00A0C91BC942}") = "core.input", "src\core\input\core.input.vcproj", "{C9E6F931-1DF5-4969-9964-4DC3B3B9DCFC}"
	ProjectSection(ProjectDependencies) = postProject
		{3544CC4C-ABD8-4820-88C7-B93FA53A78E6} = {3544CC4C-ABD8-4820-88C7-B93FA53A78E6}
	EndProjectSection
EndProject
Project("{8BC9CEB8-8B4A-11D0-8D11-00A0C91BC942}") = "core.input.directInput8", "src\core\input\directInput8\core.input.directInput8.vcproj", "{3544CC4C-ABD8-4820-88C7-B93FA53A78E6}"
	ProjectSection(ProjectDependencies) = postProject
		{608DC682-E676-4AA0-8886-FB8177C3A9B6} = {608DC682-E676-4AA0-8886-FB8177C3A9B6}
	EndProjectSection
EndProject
Project("{8BC9CEB8-8B4A-11D0-8D11-00A0C91BC942}") = "core.vfs", "src\core\vfs\core.vfs.vcproj", "{60A53EEC-B17E-4BB8-9626-064ADA85CFC7}"
	ProjectSection(ProjectDependencies) = postProject
		{608DC682-E676-4AA0-8886-FB8177C3A9B6} = {608DC682-E676-4AA0-8886-FB8177C3A9B6}
	EndProjectSection
EndProject
Project("{8BC9CEB8-8B4A-11D0-8D11-00A0C91BC942}") = "core.common", "src\core\common\core.common.vcproj", "{608DC682-E676-4AA0-8886-FB8177C3A9B6}"
EndProject
Project("{8BC9CEB8-8B4A-11D0-8D11-00A0C91BC942}") = "core.audio", "src\core\audio\core.audio.vcproj", "{1FF53D27-8086-4755-829D-53B5D13DB505}"
EndProject
Project("{8BC9CEB8-8B4A-11D0-8D11-00A0C91BC942}") = "core.impl", "src\core\core.impl\core.impl.vcproj", "{84289E70-D37A-482E-A1D5-72E6773826DC}"
	ProjectSection(ProjectDependencies) = postProject
		{F3930F29-C621-41EA-892C-8B5D48C5D2BB} = {F3930F29-C621-41EA-892C-8B5D48C5D2BB}
		{3544CC4C-ABD8-4820-88C7-B93FA53A78E6} = {3544CC4C-ABD8-4820-88C7-B93FA53A78E6}
		{CD45229C-C675-473F-8AA1-2F8A782D754B} = {CD45229C-C675-473F-8AA1-2F8A782D754B}
	EndProjectSection
EndProject
Project("{2150E333-8FDC-42A3-9474-1A3956D46DE8}") = "Automation", "Automation", "{54B32E7E-A90E-4043-A9FB-12219CF42108}"
	ProjectSection(SolutionItems) = preProject
		automation\deploy.bat = automation\deploy.bat
		automation\deployContent.bat = automation\deployContent.bat
		automation\deployLibs.bat = automation\deployLibs.bat
		automation\documentation.Doxyfile = automation\documentation.Doxyfile
		automation\Functions.include = automation\Functions.include
		automation\MGDF.build = automation\MGDF.build
		automation\NUnit-NoFrame.xsl = automation\NUnit-NoFrame.xsl
	EndProjectSection
EndProject
Project("{FAE04EC0-301F-11D3-BF4B-00C04F79EFBC}") = "GamesManager.Common", "src\GamesManager\GamesManager.Common\GamesManager.Common.csproj", "{6557CA9C-2D94-4722-8CE3-ED4A3EDB0940}"
EndProject
Project("{FAE04EC0-301F-11D3-BF4B-00C04F79EFBC}") = "GamesManager.Controls", "src\GamesManager\GamesManager.Controls\GamesManager.Controls.csproj", "{EFA49EB3-095E-47FA-BAE5-04E8F86E7676}"
EndProject
Project("{FAE04EC0-301F-11D3-BF4B-00C04F79EFBC}") = "GamesManager.Model", "src\GamesManager\GamesManager.Model\GamesManager.Model.csproj", "{A5292682-B9B4-45D4-A867-0DDCD09A97F1}"
EndProject
Project("{FAE04EC0-301F-11D3-BF4B-00C04F79EFBC}") = "GamesManager.StatisticsService", "src\GamesManager\GamesManager.StatisticsService\GamesManager.StatisticsService.csproj", "{B8D843B7-9EAC-410E-9131-57B33F27605A}"
EndProject
Project("{FAE04EC0-301F-11D3-BF4B-00C04F79EFBC}") = "GamesManager.StatisticsService.Model", "src\GamesManager\GamesManager.StatisticsService.Model\GamesManager.StatisticsService.Model.csproj", "{FB9B2DE4-6E41-452B-B166-B1145A8E3ACD}"
EndProject
Project("{FAE04EC0-301F-11D3-BF4B-00C04F79EFBC}") = "GamesManager.StatisticsService.Contracts", "src\GamesManager\GamesManager.StatisticsService.Contracts\GamesManager.StatisticsService.Contracts.csproj", "{54EABEB3-4FF1-43DD-AEC2-5CBD566E3942}"
EndProject
Project("{2150E333-8FDC-42A3-9474-1A3956D46DE8}") = "Tests", "Tests", "{B2911380-5E76-457A-AC80-A24B1EECA0BB}"
EndProject
Project("{8BC9CEB8-8B4A-11D0-8D11-00A0C91BC942}") = "core.tests", "tests\core.tests\core.tests.vcproj", "{62406A47-C94A-4C76-B1EF-2AB3E6E175D5}"
	ProjectSection(ProjectDependencies) = postProject
		{F3930F29-C621-41EA-892C-8B5D48C5D2BB} = {F3930F29-C621-41EA-892C-8B5D48C5D2BB}
		{3544CC4C-ABD8-4820-88C7-B93FA53A78E6} = {3544CC4C-ABD8-4820-88C7-B93FA53A78E6}
		{84289E70-D37A-482E-A1D5-72E6773826DC} = {84289E70-D37A-482E-A1D5-72E6773826DC}
		{608DC682-E676-4AA0-8886-FB8177C3A9B6} = {608DC682-E676-4AA0-8886-FB8177C3A9B6}
		{CD45229C-C675-473F-8AA1-2F8A782D754B} = {CD45229C-C675-473F-8AA1-2F8A782D754B}
		{60A53EEC-B17E-4BB8-9626-064ADA85CFC7} = {60A53EEC-B17E-4BB8-9626-064ADA85CFC7}
	EndProjectSection
EndProject
Project("{FAE04EC0-301F-11D3-BF4B-00C04F79EFBC}") = "GamesManager.Tests", "tests\GamesManager.Tests\GamesManager.Tests.csproj", "{DB0DDAF0-9F7E-412E-9D15-327C832CFF00}"
EndProject
Project("{2150E333-8FDC-42A3-9474-1A3956D46DE8}") = "Src", "Src", "{5656FE26-2995-4842-B088-D8E29338C13E}"
EndProject
Project("{2150E333-8FDC-42A3-9474-1A3956D46DE8}") = "Content", "Content", "{321FBA19-5BBD-44E5-BDA3-C5E6838DEBF6}"
	ProjectSection(SolutionItems) = preProject
		tests\content\console.json = tests\content\console.json
		tests\content\gameState.json = tests\content\gameState.json
		tests\content\preferences.json = tests\content\preferences.json
		tests\content\Update.json = tests\content\Update.json
	EndProjectSection
EndProject
Project("{FAE04EC0-301F-11D3-BF4B-00C04F79EFBC}") = "GamesManager.Tests.Common", "tests\GamesManager.Tests.Common\GamesManager.Tests.Common.csproj", "{73C28FE8-F8A1-440A-8160-57DA7E318CD3}"
EndProject
Project("{2150E333-8FDC-42A3-9474-1A3956D46DE8}") = "Web", "Web", "{B338F8A9-A30E-4464-832D-102678C88A6D}"
EndProject
Project("{FAE04EC0-301F-11D3-BF4B-00C04F79EFBC}") = "MatchstickFramework.Web", "src\web\MatchstickFramework.Web\MatchstickFramework.Web.csproj", "{391B7998-66A3-442C-B7CD-4761F3A069D6}"
EndProject
Project("{8BC9CEB8-8B4A-11D0-8D11-00A0C91BC942}") = "core.audio.openal", "src\core\audio\openal\core.audio.openal.vcproj", "{F3930F29-C621-41EA-892C-8B5D48C5D2BB}"
	ProjectSection(ProjectDependencies) = postProject
		{608DC682-E676-4AA0-8886-FB8177C3A9B6} = {608DC682-E676-4AA0-8886-FB8177C3A9B6}
	EndProjectSection
EndProject
Project("{2150E333-8FDC-42A3-9474-1A3956D46DE8}") = "Modules", "Modules", "{92937010-1E2A-4928-A03A-49F6AD1C9927}"
EndProject
Project("{FAE04EC0-301F-11D3-BF4B-00C04F79EFBC}") = "GamesManager.FrameworkUpdater", "src\GamesManager\GamesManager.FrameworkUpdater\GamesManager.FrameworkUpdater.csproj", "{CF92A5AA-E52E-4E60-AC3A-25996E089B08}"
EndProject
Project("{FAE04EC0-301F-11D3-BF4B-00C04F79EFBC}") = "GamesManager", "src\GamesManager\GamesManager\GamesManager.csproj", "{3EEDEF62-4AAD-43BF-B260-28F16A201AE7}"
EndProject
Project("{FAE04EC0-301F-11D3-BF4B-00C04F79EFBC}") = "GamesManager.ServerCommon", "src\GamesManager\GamesManager.ServerCommon\GamesManager.ServerCommon.csproj", "{740712A4-0B4B-4EEE-BFE8-A2E74F9C1CC7}"
EndProject
Project("{2150E333-8FDC-42A3-9474-1A3956D46DE8}") = "Server", "Server", "{23BDDADA-83DC-4980-B2B1-CBB0B678942F}"
EndProject
Project("{2150E333-8FDC-42A3-9474-1A3956D46DE8}") = "Client", "Client", "{CE698894-DA6C-44F6-ADE0-3512208932C0}"
EndProject
Project("{2150E333-8FDC-42A3-9474-1A3956D46DE8}") = "Shared", "Shared", "{0BCBC69E-3FA8-4722-BB95-3B706C65640E}"
EndProject
Project("{FAE04EC0-301F-11D3-BF4B-00C04F79EFBC}") = "GamesManager.PackageGen", "src\GamesManager\GamesManager.PackageGen\GamesManager.PackageGen.csproj", "{3AA4E4E3-9A41-43EF-868B-7830E848FD2C}"
EndProject
Project("{8BC9CEB8-8B4A-11D0-8D11-00A0C91BC942}") = "testCommon", "src\modules\testCommon\testCommon.vcproj", "{8B2601FE-BE04-4EC9-B703-48C106200470}"
EndProject
Project("{8BC9CEB8-8B4A-11D0-8D11-00A0C91BC942}") = "testModule", "src\modules\testModule\testModule.vcproj", "{77B40DFE-E113-43EC-8059-099246687405}"
	ProjectSection(ProjectDependencies) = postProject
		{8B2601FE-BE04-4EC9-B703-48C106200470} = {8B2601FE-BE04-4EC9-B703-48C106200470}
	EndProjectSection
EndProject
Project("{2150E333-8FDC-42A3-9474-1A3956D46DE8}") = "game", "game", "{46E01EE4-7FBE-4A1C-A5EF-B14FB01AAC5D}"
	ProjectSection(SolutionItems) = preProject
		content\game\game.json = content\game\game.json
		content\game\gameIcon.png = content\game\gameIcon.png
		content\game\preferences.json = content\game\preferences.json
	EndProjectSection
EndProject
Project("{2150E333-8FDC-42A3-9474-1A3956D46DE8}") = "resources", "resources", "{EDB71625-AF75-4DA5-BBA0-D85971251DD6}"
	ProjectSection(SolutionItems) = preProject
		content\resources\gameIcon.png = content\resources\gameIcon.png
		content\resources\gameSystemIcon.ico = content\resources\gameSystemIcon.ico
		content\resources\preferences.json = content\resources\preferences.json
	EndProjectSection
EndProject
Project("{2150E333-8FDC-42A3-9474-1A3956D46DE8}") = "content", "content", "{3464DE22-C75C-4826-B33B-7EB283CC060C}"
	ProjectSection(SolutionItems) = preProject
		content\game\content\chimes.sfk = content\game\content\chimes.sfk
		content\game\content\chimes.wav = content\game\content\chimes.wav
		content\game\content\content.txt = content\game\content\content.txt
		content\game\content\Stream.ogg = content\game\content\Stream.ogg
		content\game\content\test.fakearchive = content\game\content\test.fakearchive
	EndProjectSection
EndProject
Project("{8BC9CEB8-8B4A-11D0-8D11-00A0C91BC942}") = "core.storage", "src\core\storage\core.storage.vcproj", "{6247D689-9B0F-4FCB-817D-2258739B5AAE}"
EndProject
Project("{8BC9CEB8-8B4A-11D0-8D11-00A0C91BC942}") = "core.storage.jsoncpp", "src\core\storage\jsoncpp\core.storage.jsoncpp.vcproj", "{CD45229C-C675-473F-8AA1-2F8A782D754B}"
	ProjectSection(ProjectDependencies) = postProject
		{608DC682-E676-4AA0-8886-FB8177C3A9B6} = {608DC682-E676-4AA0-8886-FB8177C3A9B6}
	EndProjectSection
EndProject
Global
	GlobalSection(SolutionConfigurationPlatforms) = preSolution
		Debug|Any CPU = Debug|Any CPU
		Debug|Mixed Platforms = Debug|Mixed Platforms
		Debug|Win32 = Debug|Win32
		Release|Any CPU = Release|Any CPU
		Release|Mixed Platforms = Release|Mixed Platforms
		Release|Win32 = Release|Win32
	EndGlobalSection
	GlobalSection(ProjectConfigurationPlatforms) = postSolution
		{762B44B2-4615-4C7D-9418-DC604A6D930A}.Debug|Any CPU.ActiveCfg = Debug|Win32
		{762B44B2-4615-4C7D-9418-DC604A6D930A}.Debug|Mixed Platforms.ActiveCfg = Debug|Win32
		{762B44B2-4615-4C7D-9418-DC604A6D930A}.Debug|Mixed Platforms.Build.0 = Debug|Win32
		{762B44B2-4615-4C7D-9418-DC604A6D930A}.Debug|Win32.ActiveCfg = Debug|Win32
		{762B44B2-4615-4C7D-9418-DC604A6D930A}.Debug|Win32.Build.0 = Debug|Win32
		{762B44B2-4615-4C7D-9418-DC604A6D930A}.Release|Any CPU.ActiveCfg = Release|Win32
		{762B44B2-4615-4C7D-9418-DC604A6D930A}.Release|Mixed Platforms.ActiveCfg = Release|Win32
		{762B44B2-4615-4C7D-9418-DC604A6D930A}.Release|Mixed Platforms.Build.0 = Release|Win32
		{762B44B2-4615-4C7D-9418-DC604A6D930A}.Release|Win32.ActiveCfg = Release|Win32
		{762B44B2-4615-4C7D-9418-DC604A6D930A}.Release|Win32.Build.0 = Release|Win32
		{C9E6F931-1DF5-4969-9964-4DC3B3B9DCFC}.Debug|Any CPU.ActiveCfg = Debug|Win32
		{C9E6F931-1DF5-4969-9964-4DC3B3B9DCFC}.Debug|Mixed Platforms.ActiveCfg = Debug|Win32
		{C9E6F931-1DF5-4969-9964-4DC3B3B9DCFC}.Debug|Mixed Platforms.Build.0 = Debug|Win32
		{C9E6F931-1DF5-4969-9964-4DC3B3B9DCFC}.Debug|Win32.ActiveCfg = Debug|Win32
		{C9E6F931-1DF5-4969-9964-4DC3B3B9DCFC}.Debug|Win32.Build.0 = Debug|Win32
		{C9E6F931-1DF5-4969-9964-4DC3B3B9DCFC}.Release|Any CPU.ActiveCfg = Release|Win32
		{C9E6F931-1DF5-4969-9964-4DC3B3B9DCFC}.Release|Mixed Platforms.ActiveCfg = Release|Win32
		{C9E6F931-1DF5-4969-9964-4DC3B3B9DCFC}.Release|Mixed Platforms.Build.0 = Release|Win32
		{C9E6F931-1DF5-4969-9964-4DC3B3B9DCFC}.Release|Win32.ActiveCfg = Release|Win32
		{C9E6F931-1DF5-4969-9964-4DC3B3B9DCFC}.Release|Win32.Build.0 = Release|Win32
		{3544CC4C-ABD8-4820-88C7-B93FA53A78E6}.Debug|Any CPU.ActiveCfg = Debug|Win32
		{3544CC4C-ABD8-4820-88C7-B93FA53A78E6}.Debug|Mixed Platforms.ActiveCfg = Debug|Win32
		{3544CC4C-ABD8-4820-88C7-B93FA53A78E6}.Debug|Mixed Platforms.Build.0 = Debug|Win32
		{3544CC4C-ABD8-4820-88C7-B93FA53A78E6}.Debug|Win32.ActiveCfg = Debug|Win32
		{3544CC4C-ABD8-4820-88C7-B93FA53A78E6}.Debug|Win32.Build.0 = Debug|Win32
		{3544CC4C-ABD8-4820-88C7-B93FA53A78E6}.Release|Any CPU.ActiveCfg = Release|Win32
		{3544CC4C-ABD8-4820-88C7-B93FA53A78E6}.Release|Mixed Platforms.ActiveCfg = Release|Win32
		{3544CC4C-ABD8-4820-88C7-B93FA53A78E6}.Release|Mixed Platforms.Build.0 = Release|Win32
		{3544CC4C-ABD8-4820-88C7-B93FA53A78E6}.Release|Win32.ActiveCfg = Release|Win32
		{3544CC4C-ABD8-4820-88C7-B93FA53A78E6}.Release|Win32.Build.0 = Release|Win32
		{60A53EEC-B17E-4BB8-9626-064ADA85CFC7}.Debug|Any CPU.ActiveCfg = Debug|Win32
		{60A53EEC-B17E-4BB8-9626-064ADA85CFC7}.Debug|Mixed Platforms.ActiveCfg = Debug|Win32
		{60A53EEC-B17E-4BB8-9626-064ADA85CFC7}.Debug|Mixed Platforms.Build.0 = Debug|Win32
		{60A53EEC-B17E-4BB8-9626-064ADA85CFC7}.Debug|Win32.ActiveCfg = Debug|Win32
		{60A53EEC-B17E-4BB8-9626-064ADA85CFC7}.Debug|Win32.Build.0 = Debug|Win32
		{60A53EEC-B17E-4BB8-9626-064ADA85CFC7}.Release|Any CPU.ActiveCfg = Release|Win32
		{60A53EEC-B17E-4BB8-9626-064ADA85CFC7}.Release|Mixed Platforms.ActiveCfg = Release|Win32
		{60A53EEC-B17E-4BB8-9626-064ADA85CFC7}.Release|Mixed Platforms.Build.0 = Release|Win32
		{60A53EEC-B17E-4BB8-9626-064ADA85CFC7}.Release|Win32.ActiveCfg = Release|Win32
		{60A53EEC-B17E-4BB8-9626-064ADA85CFC7}.Release|Win32.Build.0 = Release|Win32
		{608DC682-E676-4AA0-8886-FB8177C3A9B6}.Debug|Any CPU.ActiveCfg = Debug|Win32
		{608DC682-E676-4AA0-8886-FB8177C3A9B6}.Debug|Mixed Platforms.ActiveCfg = Debug|Win32
		{608DC682-E676-4AA0-8886-FB8177C3A9B6}.Debug|Mixed Platforms.Build.0 = Debug|Win32
		{608DC682-E676-4AA0-8886-FB8177C3A9B6}.Debug|Win32.ActiveCfg = Debug|Win32
		{608DC682-E676-4AA0-8886-FB8177C3A9B6}.Debug|Win32.Build.0 = Debug|Win32
		{608DC682-E676-4AA0-8886-FB8177C3A9B6}.Release|Any CPU.ActiveCfg = Release|Win32
		{608DC682-E676-4AA0-8886-FB8177C3A9B6}.Release|Mixed Platforms.ActiveCfg = Release|Win32
		{608DC682-E676-4AA0-8886-FB8177C3A9B6}.Release|Mixed Platforms.Build.0 = Release|Win32
		{608DC682-E676-4AA0-8886-FB8177C3A9B6}.Release|Win32.ActiveCfg = Release|Win32
		{608DC682-E676-4AA0-8886-FB8177C3A9B6}.Release|Win32.Build.0 = Release|Win32
		{1FF53D27-8086-4755-829D-53B5D13DB505}.Debug|Any CPU.ActiveCfg = Debug|Win32
		{1FF53D27-8086-4755-829D-53B5D13DB505}.Debug|Mixed Platforms.ActiveCfg = Debug|Win32
		{1FF53D27-8086-4755-829D-53B5D13DB505}.Debug|Mixed Platforms.Build.0 = Debug|Win32
		{1FF53D27-8086-4755-829D-53B5D13DB505}.Debug|Win32.ActiveCfg = Debug|Win32
		{1FF53D27-8086-4755-829D-53B5D13DB505}.Debug|Win32.Build.0 = Debug|Win32
		{1FF53D27-8086-4755-829D-53B5D13DB505}.Release|Any CPU.ActiveCfg = Release|Win32
		{1FF53D27-8086-4755-829D-53B5D13DB505}.Release|Mixed Platforms.ActiveCfg = Release|Win32
		{1FF53D27-8086-4755-829D-53B5D13DB505}.Release|Mixed Platforms.Build.0 = Release|Win32
		{1FF53D27-8086-4755-829D-53B5D13DB505}.Release|Win32.ActiveCfg = Release|Win32
		{1FF53D27-8086-4755-829D-53B5D13DB505}.Release|Win32.Build.0 = Release|Win32
		{84289E70-D37A-482E-A1D5-72E6773826DC}.Debug|Any CPU.ActiveCfg = Debug|Win32
		{84289E70-D37A-482E-A1D5-72E6773826DC}.Debug|Mixed Platforms.ActiveCfg = Debug|Win32
		{84289E70-D37A-482E-A1D5-72E6773826DC}.Debug|Mixed Platforms.Build.0 = Debug|Win32
		{84289E70-D37A-482E-A1D5-72E6773826DC}.Debug|Win32.ActiveCfg = Debug|Win32
		{84289E70-D37A-482E-A1D5-72E6773826DC}.Debug|Win32.Build.0 = Debug|Win32
		{84289E70-D37A-482E-A1D5-72E6773826DC}.Release|Any CPU.ActiveCfg = Release|Win32
		{84289E70-D37A-482E-A1D5-72E6773826DC}.Release|Mixed Platforms.ActiveCfg = Release|Win32
		{84289E70-D37A-482E-A1D5-72E6773826DC}.Release|Mixed Platforms.Build.0 = Release|Win32
		{84289E70-D37A-482E-A1D5-72E6773826DC}.Release|Win32.ActiveCfg = Release|Win32
		{84289E70-D37A-482E-A1D5-72E6773826DC}.Release|Win32.Build.0 = Release|Win32
		{6557CA9C-2D94-4722-8CE3-ED4A3EDB0940}.Debug|Any CPU.ActiveCfg = Debug|Any CPU
		{6557CA9C-2D94-4722-8CE3-ED4A3EDB0940}.Debug|Any CPU.Build.0 = Debug|Any CPU
		{6557CA9C-2D94-4722-8CE3-ED4A3EDB0940}.Debug|Mixed Platforms.ActiveCfg = Debug|Any CPU
		{6557CA9C-2D94-4722-8CE3-ED4A3EDB0940}.Debug|Mixed Platforms.Build.0 = Debug|Any CPU
		{6557CA9C-2D94-4722-8CE3-ED4A3EDB0940}.Debug|Win32.ActiveCfg = Debug|Any CPU
		{6557CA9C-2D94-4722-8CE3-ED4A3EDB0940}.Debug|Win32.Build.0 = Debug|Any CPU
		{6557CA9C-2D94-4722-8CE3-ED4A3EDB0940}.Release|Any CPU.ActiveCfg = Release|Any CPU
		{6557CA9C-2D94-4722-8CE3-ED4A3EDB0940}.Release|Any CPU.Build.0 = Release|Any CPU
		{6557CA9C-2D94-4722-8CE3-ED4A3EDB0940}.Release|Mixed Platforms.ActiveCfg = Release|Any CPU
		{6557CA9C-2D94-4722-8CE3-ED4A3EDB0940}.Release|Mixed Platforms.Build.0 = Release|Any CPU
		{6557CA9C-2D94-4722-8CE3-ED4A3EDB0940}.Release|Win32.ActiveCfg = Release|Any CPU
		{6557CA9C-2D94-4722-8CE3-ED4A3EDB0940}.Release|Win32.Build.0 = Release|Any CPU
		{EFA49EB3-095E-47FA-BAE5-04E8F86E7676}.Debug|Any CPU.ActiveCfg = Debug|Any CPU
		{EFA49EB3-095E-47FA-BAE5-04E8F86E7676}.Debug|Any CPU.Build.0 = Debug|Any CPU
		{EFA49EB3-095E-47FA-BAE5-04E8F86E7676}.Debug|Mixed Platforms.ActiveCfg = Debug|Any CPU
		{EFA49EB3-095E-47FA-BAE5-04E8F86E7676}.Debug|Mixed Platforms.Build.0 = Debug|Any CPU
		{EFA49EB3-095E-47FA-BAE5-04E8F86E7676}.Debug|Win32.ActiveCfg = Debug|Any CPU
		{EFA49EB3-095E-47FA-BAE5-04E8F86E7676}.Debug|Win32.Build.0 = Debug|Any CPU
		{EFA49EB3-095E-47FA-BAE5-04E8F86E7676}.Release|Any CPU.ActiveCfg = Release|Any CPU
		{EFA49EB3-095E-47FA-BAE5-04E8F86E7676}.Release|Any CPU.Build.0 = Release|Any CPU
		{EFA49EB3-095E-47FA-BAE5-04E8F86E7676}.Release|Mixed Platforms.ActiveCfg = Release|Any CPU
		{EFA49EB3-095E-47FA-BAE5-04E8F86E7676}.Release|Mixed Platforms.Build.0 = Release|Any CPU
		{EFA49EB3-095E-47FA-BAE5-04E8F86E7676}.Release|Win32.ActiveCfg = Release|Any CPU
		{EFA49EB3-095E-47FA-BAE5-04E8F86E7676}.Release|Win32.Build.0 = Release|Any CPU
		{A5292682-B9B4-45D4-A867-0DDCD09A97F1}.Debug|Any CPU.ActiveCfg = Debug|Any CPU
		{A5292682-B9B4-45D4-A867-0DDCD09A97F1}.Debug|Any CPU.Build.0 = Debug|Any CPU
		{A5292682-B9B4-45D4-A867-0DDCD09A97F1}.Debug|Mixed Platforms.ActiveCfg = Debug|Any CPU
		{A5292682-B9B4-45D4-A867-0DDCD09A97F1}.Debug|Mixed Platforms.Build.0 = Debug|Any CPU
		{A5292682-B9B4-45D4-A867-0DDCD09A97F1}.Debug|Win32.ActiveCfg = Debug|Any CPU
		{A5292682-B9B4-45D4-A867-0DDCD09A97F1}.Debug|Win32.Build.0 = Debug|Any CPU
		{A5292682-B9B4-45D4-A867-0DDCD09A97F1}.Release|Any CPU.ActiveCfg = Release|Any CPU
		{A5292682-B9B4-45D4-A867-0DDCD09A97F1}.Release|Any CPU.Build.0 = Release|Any CPU
		{A5292682-B9B4-45D4-A867-0DDCD09A97F1}.Release|Mixed Platforms.ActiveCfg = Release|Any CPU
		{A5292682-B9B4-45D4-A867-0DDCD09A97F1}.Release|Mixed Platforms.Build.0 = Release|Any CPU
		{A5292682-B9B4-45D4-A867-0DDCD09A97F1}.Release|Win32.ActiveCfg = Release|Any CPU
		{A5292682-B9B4-45D4-A867-0DDCD09A97F1}.Release|Win32.Build.0 = Release|Any CPU
		{B8D843B7-9EAC-410E-9131-57B33F27605A}.Debug|Any CPU.ActiveCfg = Debug|Any CPU
		{B8D843B7-9EAC-410E-9131-57B33F27605A}.Debug|Any CPU.Build.0 = Debug|Any CPU
		{B8D843B7-9EAC-410E-9131-57B33F27605A}.Debug|Mixed Platforms.ActiveCfg = Debug|Any CPU
		{B8D843B7-9EAC-410E-9131-57B33F27605A}.Debug|Mixed Platforms.Build.0 = Debug|Any CPU
		{B8D843B7-9EAC-410E-9131-57B33F27605A}.Debug|Win32.ActiveCfg = Debug|Any CPU
		{B8D843B7-9EAC-410E-9131-57B33F27605A}.Debug|Win32.Build.0 = Debug|Any CPU
		{B8D843B7-9EAC-410E-9131-57B33F27605A}.Release|Any CPU.ActiveCfg = Release|Any CPU
		{B8D843B7-9EAC-410E-9131-57B33F27605A}.Release|Any CPU.Build.0 = Release|Any CPU
		{B8D843B7-9EAC-410E-9131-57B33F27605A}.Release|Mixed Platforms.ActiveCfg = Release|Any CPU
		{B8D843B7-9EAC-410E-9131-57B33F27605A}.Release|Mixed Platforms.Build.0 = Release|Any CPU
		{B8D843B7-9EAC-410E-9131-57B33F27605A}.Release|Win32.ActiveCfg = Release|Any CPU
		{B8D843B7-9EAC-410E-9131-57B33F27605A}.Release|Win32.Build.0 = Release|Any CPU
		{FB9B2DE4-6E41-452B-B166-B1145A8E3ACD}.Debug|Any CPU.ActiveCfg = Debug|Any CPU
		{FB9B2DE4-6E41-452B-B166-B1145A8E3ACD}.Debug|Any CPU.Build.0 = Debug|Any CPU
		{FB9B2DE4-6E41-452B-B166-B1145A8E3ACD}.Debug|Mixed Platforms.ActiveCfg = Debug|Any CPU
		{FB9B2DE4-6E41-452B-B166-B1145A8E3ACD}.Debug|Mixed Platforms.Build.0 = Debug|Any CPU
		{FB9B2DE4-6E41-452B-B166-B1145A8E3ACD}.Debug|Win32.ActiveCfg = Debug|Any CPU
		{FB9B2DE4-6E41-452B-B166-B1145A8E3ACD}.Debug|Win32.Build.0 = Debug|Any CPU
		{FB9B2DE4-6E41-452B-B166-B1145A8E3ACD}.Release|Any CPU.ActiveCfg = Release|Any CPU
		{FB9B2DE4-6E41-452B-B166-B1145A8E3ACD}.Release|Any CPU.Build.0 = Release|Any CPU
		{FB9B2DE4-6E41-452B-B166-B1145A8E3ACD}.Release|Mixed Platforms.ActiveCfg = Release|Any CPU
		{FB9B2DE4-6E41-452B-B166-B1145A8E3ACD}.Release|Mixed Platforms.Build.0 = Release|Any CPU
		{FB9B2DE4-6E41-452B-B166-B1145A8E3ACD}.Release|Win32.ActiveCfg = Release|Any CPU
		{FB9B2DE4-6E41-452B-B166-B1145A8E3ACD}.Release|Win32.Build.0 = Release|Any CPU
		{54EABEB3-4FF1-43DD-AEC2-5CBD566E3942}.Debug|Any CPU.ActiveCfg = Debug|Any CPU
		{54EABEB3-4FF1-43DD-AEC2-5CBD566E3942}.Debug|Any CPU.Build.0 = Debug|Any CPU
		{54EABEB3-4FF1-43DD-AEC2-5CBD566E3942}.Debug|Mixed Platforms.ActiveCfg = Debug|Any CPU
		{54EABEB3-4FF1-43DD-AEC2-5CBD566E3942}.Debug|Mixed Platforms.Build.0 = Debug|Any CPU
		{54EABEB3-4FF1-43DD-AEC2-5CBD566E3942}.Debug|Win32.ActiveCfg = Debug|Any CPU
		{54EABEB3-4FF1-43DD-AEC2-5CBD566E3942}.Debug|Win32.Build.0 = Debug|Any CPU
		{54EABEB3-4FF1-43DD-AEC2-5CBD566E3942}.Release|Any CPU.ActiveCfg = Release|Any CPU
		{54EABEB3-4FF1-43DD-AEC2-5CBD566E3942}.Release|Any CPU.Build.0 = Release|Any CPU
		{54EABEB3-4FF1-43DD-AEC2-5CBD566E3942}.Release|Mixed Platforms.ActiveCfg = Release|Any CPU
		{54EABEB3-4FF1-43DD-AEC2-5CBD566E3942}.Release|Mixed Platforms.Build.0 = Release|Any CPU
		{54EABEB3-4FF1-43DD-AEC2-5CBD566E3942}.Release|Win32.ActiveCfg = Release|Any CPU
		{54EABEB3-4FF1-43DD-AEC2-5CBD566E3942}.Release|Win32.Build.0 = Release|Any CPU
		{62406A47-C94A-4C76-B1EF-2AB3E6E175D5}.Debug|Any CPU.ActiveCfg = Debug|Win32
		{62406A47-C94A-4C76-B1EF-2AB3E6E175D5}.Debug|Mixed Platforms.ActiveCfg = Debug|Win32
		{62406A47-C94A-4C76-B1EF-2AB3E6E175D5}.Debug|Mixed Platforms.Build.0 = Debug|Win32
		{62406A47-C94A-4C76-B1EF-2AB3E6E175D5}.Debug|Win32.ActiveCfg = Debug|Win32
		{62406A47-C94A-4C76-B1EF-2AB3E6E175D5}.Debug|Win32.Build.0 = Debug|Win32
		{62406A47-C94A-4C76-B1EF-2AB3E6E175D5}.Release|Any CPU.ActiveCfg = Release|Win32
		{62406A47-C94A-4C76-B1EF-2AB3E6E175D5}.Release|Mixed Platforms.ActiveCfg = Release|Win32
		{62406A47-C94A-4C76-B1EF-2AB3E6E175D5}.Release|Mixed Platforms.Build.0 = Release|Win32
		{62406A47-C94A-4C76-B1EF-2AB3E6E175D5}.Release|Win32.ActiveCfg = Release|Win32
		{62406A47-C94A-4C76-B1EF-2AB3E6E175D5}.Release|Win32.Build.0 = Release|Win32
		{DB0DDAF0-9F7E-412E-9D15-327C832CFF00}.Debug|Any CPU.ActiveCfg = Debug|Any CPU
		{DB0DDAF0-9F7E-412E-9D15-327C832CFF00}.Debug|Any CPU.Build.0 = Debug|Any CPU
		{DB0DDAF0-9F7E-412E-9D15-327C832CFF00}.Debug|Mixed Platforms.ActiveCfg = Debug|Any CPU
		{DB0DDAF0-9F7E-412E-9D15-327C832CFF00}.Debug|Mixed Platforms.Build.0 = Debug|Any CPU
		{DB0DDAF0-9F7E-412E-9D15-327C832CFF00}.Debug|Win32.ActiveCfg = Debug|Any CPU
		{DB0DDAF0-9F7E-412E-9D15-327C832CFF00}.Debug|Win32.Build.0 = Debug|Any CPU
		{DB0DDAF0-9F7E-412E-9D15-327C832CFF00}.Release|Any CPU.ActiveCfg = Release|Any CPU
		{DB0DDAF0-9F7E-412E-9D15-327C832CFF00}.Release|Any CPU.Build.0 = Release|Any CPU
		{DB0DDAF0-9F7E-412E-9D15-327C832CFF00}.Release|Mixed Platforms.ActiveCfg = Release|Any CPU
		{DB0DDAF0-9F7E-412E-9D15-327C832CFF00}.Release|Mixed Platforms.Build.0 = Release|Any CPU
		{DB0DDAF0-9F7E-412E-9D15-327C832CFF00}.Release|Win32.ActiveCfg = Release|Any CPU
		{DB0DDAF0-9F7E-412E-9D15-327C832CFF00}.Release|Win32.Build.0 = Release|Any CPU
		{73C28FE8-F8A1-440A-8160-57DA7E318CD3}.Debug|Any CPU.ActiveCfg = Debug|Any CPU
		{73C28FE8-F8A1-440A-8160-57DA7E318CD3}.Debug|Any CPU.Build.0 = Debug|Any CPU
		{73C28FE8-F8A1-440A-8160-57DA7E318CD3}.Debug|Mixed Platforms.ActiveCfg = Debug|Any CPU
		{73C28FE8-F8A1-440A-8160-57DA7E318CD3}.Debug|Mixed Platforms.Build.0 = Debug|Any CPU
		{73C28FE8-F8A1-440A-8160-57DA7E318CD3}.Debug|Win32.ActiveCfg = Debug|Any CPU
		{73C28FE8-F8A1-440A-8160-57DA7E318CD3}.Debug|Win32.Build.0 = Debug|Any CPU
		{73C28FE8-F8A1-440A-8160-57DA7E318CD3}.Release|Any CPU.ActiveCfg = Release|Any CPU
		{73C28FE8-F8A1-440A-8160-57DA7E318CD3}.Release|Any CPU.Build.0 = Release|Any CPU
		{73C28FE8-F8A1-440A-8160-57DA7E318CD3}.Release|Mixed Platforms.ActiveCfg = Release|Any CPU
		{73C28FE8-F8A1-440A-8160-57DA7E318CD3}.Release|Mixed Platforms.Build.0 = Release|Any CPU
		{73C28FE8-F8A1-440A-8160-57DA7E318CD3}.Release|Win32.ActiveCfg = Release|Any CPU
		{73C28FE8-F8A1-440A-8160-57DA7E318CD3}.Release|Win32.Build.0 = Release|Any CPU
		{391B7998-66A3-442C-B7CD-4761F3A069D6}.Debug|Any CPU.ActiveCfg = Debug|Any CPU
		{391B7998-66A3-442C-B7CD-4761F3A069D6}.Debug|Any CPU.Build.0 = Debug|Any CPU
		{391B7998-66A3-442C-B7CD-4761F3A069D6}.Debug|Mixed Platforms.ActiveCfg = Debug|Any CPU
		{391B7998-66A3-442C-B7CD-4761F3A069D6}.Debug|Mixed Platforms.Build.0 = Debug|Any CPU
		{391B7998-66A3-442C-B7CD-4761F3A069D6}.Debug|Win32.ActiveCfg = Debug|Any CPU
		{391B7998-66A3-442C-B7CD-4761F3A069D6}.Debug|Win32.Build.0 = Debug|Any CPU
		{391B7998-66A3-442C-B7CD-4761F3A069D6}.Release|Any CPU.ActiveCfg = Release|Any CPU
		{391B7998-66A3-442C-B7CD-4761F3A069D6}.Release|Any CPU.Build.0 = Release|Any CPU
		{391B7998-66A3-442C-B7CD-4761F3A069D6}.Release|Mixed Platforms.ActiveCfg = Release|Any CPU
		{391B7998-66A3-442C-B7CD-4761F3A069D6}.Release|Mixed Platforms.Build.0 = Release|Any CPU
		{391B7998-66A3-442C-B7CD-4761F3A069D6}.Release|Win32.ActiveCfg = Release|Any CPU
		{391B7998-66A3-442C-B7CD-4761F3A069D6}.Release|Win32.Build.0 = Release|Any CPU
		{F3930F29-C621-41EA-892C-8B5D48C5D2BB}.Debug|Any CPU.ActiveCfg = Debug|Win32
		{F3930F29-C621-41EA-892C-8B5D48C5D2BB}.Debug|Mixed Platforms.ActiveCfg = Debug|Win32
		{F3930F29-C621-41EA-892C-8B5D48C5D2BB}.Debug|Mixed Platforms.Build.0 = Debug|Win32
		{F3930F29-C621-41EA-892C-8B5D48C5D2BB}.Debug|Win32.ActiveCfg = Debug|Win32
		{F3930F29-C621-41EA-892C-8B5D48C5D2BB}.Debug|Win32.Build.0 = Debug|Win32
		{F3930F29-C621-41EA-892C-8B5D48C5D2BB}.Release|Any CPU.ActiveCfg = Release|Win32
		{F3930F29-C621-41EA-892C-8B5D48C5D2BB}.Release|Mixed Platforms.ActiveCfg = Release|Win32
		{F3930F29-C621-41EA-892C-8B5D48C5D2BB}.Release|Mixed Platforms.Build.0 = Release|Win32
		{F3930F29-C621-41EA-892C-8B5D48C5D2BB}.Release|Win32.ActiveCfg = Release|Win32
		{F3930F29-C621-41EA-892C-8B5D48C5D2BB}.Release|Win32.Build.0 = Release|Win32
		{CF92A5AA-E52E-4E60-AC3A-25996E089B08}.Debug|Any CPU.ActiveCfg = Debug|Any CPU
		{CF92A5AA-E52E-4E60-AC3A-25996E089B08}.Debug|Any CPU.Build.0 = Debug|Any CPU
		{CF92A5AA-E52E-4E60-AC3A-25996E089B08}.Debug|Mixed Platforms.ActiveCfg = Debug|Any CPU
		{CF92A5AA-E52E-4E60-AC3A-25996E089B08}.Debug|Mixed Platforms.Build.0 = Debug|Any CPU
		{CF92A5AA-E52E-4E60-AC3A-25996E089B08}.Debug|Win32.ActiveCfg = Debug|Any CPU
		{CF92A5AA-E52E-4E60-AC3A-25996E089B08}.Debug|Win32.Build.0 = Debug|Any CPU
		{CF92A5AA-E52E-4E60-AC3A-25996E089B08}.Release|Any CPU.ActiveCfg = Release|Any CPU
		{CF92A5AA-E52E-4E60-AC3A-25996E089B08}.Release|Any CPU.Build.0 = Release|Any CPU
		{CF92A5AA-E52E-4E60-AC3A-25996E089B08}.Release|Mixed Platforms.ActiveCfg = Release|Any CPU
		{CF92A5AA-E52E-4E60-AC3A-25996E089B08}.Release|Mixed Platforms.Build.0 = Release|Any CPU
		{CF92A5AA-E52E-4E60-AC3A-25996E089B08}.Release|Win32.ActiveCfg = Release|Any CPU
		{CF92A5AA-E52E-4E60-AC3A-25996E089B08}.Release|Win32.Build.0 = Release|Any CPU
		{3EEDEF62-4AAD-43BF-B260-28F16A201AE7}.Debug|Any CPU.ActiveCfg = Debug|Any CPU
		{3EEDEF62-4AAD-43BF-B260-28F16A201AE7}.Debug|Any CPU.Build.0 = Debug|Any CPU
		{3EEDEF62-4AAD-43BF-B260-28F16A201AE7}.Debug|Mixed Platforms.ActiveCfg = Debug|Any CPU
		{3EEDEF62-4AAD-43BF-B260-28F16A201AE7}.Debug|Mixed Platforms.Build.0 = Debug|Any CPU
		{3EEDEF62-4AAD-43BF-B260-28F16A201AE7}.Debug|Win32.ActiveCfg = Debug|Any CPU
		{3EEDEF62-4AAD-43BF-B260-28F16A201AE7}.Debug|Win32.Build.0 = Debug|Any CPU
		{3EEDEF62-4AAD-43BF-B260-28F16A201AE7}.Release|Any CPU.ActiveCfg = Release|Any CPU
		{3EEDEF62-4AAD-43BF-B260-28F16A201AE7}.Release|Any CPU.Build.0 = Release|Any CPU
		{3EEDEF62-4AAD-43BF-B260-28F16A201AE7}.Release|Mixed Platforms.ActiveCfg = Release|Any CPU
		{3EEDEF62-4AAD-43BF-B260-28F16A201AE7}.Release|Mixed Platforms.Build.0 = Release|Any CPU
		{3EEDEF62-4AAD-43BF-B260-28F16A201AE7}.Release|Win32.ActiveCfg = Release|Any CPU
		{3EEDEF62-4AAD-43BF-B260-28F16A201AE7}.Release|Win32.Build.0 = Release|Any CPU
		{740712A4-0B4B-4EEE-BFE8-A2E74F9C1CC7}.Debug|Any CPU.ActiveCfg = Debug|Any CPU
		{740712A4-0B4B-4EEE-BFE8-A2E74F9C1CC7}.Debug|Any CPU.Build.0 = Debug|Any CPU
		{740712A4-0B4B-4EEE-BFE8-A2E74F9C1CC7}.Debug|Mixed Platforms.ActiveCfg = Debug|Any CPU
		{740712A4-0B4B-4EEE-BFE8-A2E74F9C1CC7}.Debug|Mixed Platforms.Build.0 = Debug|Any CPU
		{740712A4-0B4B-4EEE-BFE8-A2E74F9C1CC7}.Debug|Win32.ActiveCfg = Debug|Any CPU
		{740712A4-0B4B-4EEE-BFE8-A2E74F9C1CC7}.Debug|Win32.Build.0 = Debug|Any CPU
		{740712A4-0B4B-4EEE-BFE8-A2E74F9C1CC7}.Release|Any CPU.ActiveCfg = Release|Any CPU
		{740712A4-0B4B-4EEE-BFE8-A2E74F9C1CC7}.Release|Any CPU.Build.0 = Release|Any CPU
		{740712A4-0B4B-4EEE-BFE8-A2E74F9C1CC7}.Release|Mixed Platforms.ActiveCfg = Release|Any CPU
		{740712A4-0B4B-4EEE-BFE8-A2E74F9C1CC7}.Release|Mixed Platforms.Build.0 = Release|Any CPU
		{740712A4-0B4B-4EEE-BFE8-A2E74F9C1CC7}.Release|Win32.ActiveCfg = Release|Any CPU
		{740712A4-0B4B-4EEE-BFE8-A2E74F9C1CC7}.Release|Win32.Build.0 = Release|Any CPU
		{3AA4E4E3-9A41-43EF-868B-7830E848FD2C}.Debug|Any CPU.ActiveCfg = Debug|Any CPU
		{3AA4E4E3-9A41-43EF-868B-7830E848FD2C}.Debug|Any CPU.Build.0 = Debug|Any CPU
		{3AA4E4E3-9A41-43EF-868B-7830E848FD2C}.Debug|Mixed Platforms.ActiveCfg = Debug|Any CPU
		{3AA4E4E3-9A41-43EF-868B-7830E848FD2C}.Debug|Mixed Platforms.Build.0 = Debug|Any CPU
		{3AA4E4E3-9A41-43EF-868B-7830E848FD2C}.Debug|Win32.ActiveCfg = Debug|Any CPU
		{3AA4E4E3-9A41-43EF-868B-7830E848FD2C}.Debug|Win32.Build.0 = Debug|Any CPU
		{3AA4E4E3-9A41-43EF-868B-7830E848FD2C}.Release|Any CPU.ActiveCfg = Release|Any CPU
		{3AA4E4E3-9A41-43EF-868B-7830E848FD2C}.Release|Any CPU.Build.0 = Release|Any CPU
		{3AA4E4E3-9A41-43EF-868B-7830E848FD2C}.Release|Mixed Platforms.ActiveCfg = Release|Any CPU
		{3AA4E4E3-9A41-43EF-868B-7830E848FD2C}.Release|Mixed Platforms.Build.0 = Release|Any CPU
		{3AA4E4E3-9A41-43EF-868B-7830E848FD2C}.Release|Win32.ActiveCfg = Release|Any CPU
		{3AA4E4E3-9A41-43EF-868B-7830E848FD2C}.Release|Win32.Build.0 = Release|Any CPU
		{8B2601FE-BE04-4EC9-B703-48C106200470}.Debug|Any CPU.ActiveCfg = Debug|Win32
		{8B2601FE-BE04-4EC9-B703-48C106200470}.Debug|Mixed Platforms.ActiveCfg = Debug|Win32
		{8B2601FE-BE04-4EC9-B703-48C106200470}.Debug|Mixed Platforms.Build.0 = Debug|Win32
		{8B2601FE-BE04-4EC9-B703-48C106200470}.Debug|Win32.ActiveCfg = Debug|Win32
		{8B2601FE-BE04-4EC9-B703-48C106200470}.Debug|Win32.Build.0 = Debug|Win32
		{8B2601FE-BE04-4EC9-B703-48C106200470}.Release|Any CPU.ActiveCfg = Release|Win32
		{8B2601FE-BE04-4EC9-B703-48C106200470}.Release|Mixed Platforms.ActiveCfg = Release|Win32
		{8B2601FE-BE04-4EC9-B703-48C106200470}.Release|Mixed Platforms.Build.0 = Release|Win32
		{8B2601FE-BE04-4EC9-B703-48C106200470}.Release|Win32.ActiveCfg = Release|Win32
		{8B2601FE-BE04-4EC9-B703-48C106200470}.Release|Win32.Build.0 = Release|Win32
		{77B40DFE-E113-43EC-8059-099246687405}.Debug|Any CPU.ActiveCfg = Debug|Win32
		{77B40DFE-E113-43EC-8059-099246687405}.Debug|Mixed Platforms.ActiveCfg = Debug|Win32
		{77B40DFE-E113-43EC-8059-099246687405}.Debug|Mixed Platforms.Build.0 = Debug|Win32
		{77B40DFE-E113-43EC-8059-099246687405}.Debug|Win32.ActiveCfg = Debug|Win32
		{77B40DFE-E113-43EC-8059-099246687405}.Debug|Win32.Build.0 = Debug|Win32
		{77B40DFE-E113-43EC-8059-099246687405}.Release|Any CPU.ActiveCfg = Release|Win32
		{77B40DFE-E113-43EC-8059-099246687405}.Release|Mixed Platforms.ActiveCfg = Release|Win32
		{77B40DFE-E113-43EC-8059-099246687405}.Release|Mixed Platforms.Build.0 = Release|Win32
		{77B40DFE-E113-43EC-8059-099246687405}.Release|Win32.ActiveCfg = Release|Win32
		{77B40DFE-E113-43EC-8059-099246687405}.Release|Win32.Build.0 = Release|Win32
		{6247D689-9B0F-4FCB-817D-2258739B5AAE}.Debug|Any CPU.ActiveCfg = Debug|Win32
		{6247D689-9B0F-4FCB-817D-2258739B5AAE}.Debug|Mixed Platforms.ActiveCfg = Debug|Win32
		{6247D689-9B0F-4FCB-817D-2258739B5AAE}.Debug|Mixed Platforms.Build.0 = Debug|Win32
		{6247D689-9B0F-4FCB-817D-2258739B5AAE}.Debug|Win32.ActiveCfg = Debug|Win32
		{6247D689-9B0F-4FCB-817D-2258739B5AAE}.Debug|Win32.Build.0 = Debug|Win32
		{6247D689-9B0F-4FCB-817D-2258739B5AAE}.Release|Any CPU.ActiveCfg = Release|Win32
		{6247D689-9B0F-4FCB-817D-2258739B5AAE}.Release|Mixed Platforms.ActiveCfg = Release|Win32
		{6247D689-9B0F-4FCB-817D-2258739B5AAE}.Release|Mixed Platforms.Build.0 = Release|Win32
		{6247D689-9B0F-4FCB-817D-2258739B5AAE}.Release|Win32.ActiveCfg = Release|Win32
		{6247D689-9B0F-4FCB-817D-2258739B5AAE}.Release|Win32.Build.0 = Release|Win32
		{CD45229C-C675-473F-8AA1-2F8A782D754B}.Debug|Any CPU.ActiveCfg = Debug|Win32
		{CD45229C-C675-473F-8AA1-2F8A782D754B}.Debug|Mixed Platforms.ActiveCfg = Debug|Win32
		{CD45229C-C675-473F-8AA1-2F8A782D754B}.Debug|Mixed Platforms.Build.0 = Debug|Win32
		{CD45229C-C675-473F-8AA1-2F8A782D754B}.Debug|Win32.ActiveCfg = Debug|Win32
		{CD45229C-C675-473F-8AA1-2F8A782D754B}.Debug|Win32.Build.0 = Debug|Win32
		{CD45229C-C675-473F-8AA1-2F8A782D754B}.Release|Any CPU.ActiveCfg = Release|Win32
		{CD45229C-C675-473F-8AA1-2F8A782D754B}.Release|Mixed Platforms.ActiveCfg = Release|Win32
		{CD45229C-C675-473F-8AA1-2F8A782D754B}.Release|Mixed Platforms.Build.0 = Release|Win32
		{CD45229C-C675-473F-8AA1-2F8A782D754B}.Release|Win32.ActiveCfg = Release|Win32
		{CD45229C-C675-473F-8AA1-2F8A782D754B}.Release|Win32.Build.0 = Release|Win32
	EndGlobalSection
	GlobalSection(SolutionProperties) = preSolution
		HideSolutionNode = FALSE
	EndGlobalSection
	GlobalSection(NestedProjects) = preSolution
		{46E01EE4-7FBE-4A1C-A5EF-B14FB01AAC5D} = {7DB53567-CA6D-4F58-A2AB-337764CAFF55}
		{EDB71625-AF75-4DA5-BBA0-D85971251DD6} = {7DB53567-CA6D-4F58-A2AB-337764CAFF55}
		{0BCBC69E-3FA8-4722-BB95-3B706C65640E} = {3FAF788A-9BFB-413C-A85B-197BEE7F1321}
		{CE698894-DA6C-44F6-ADE0-3512208932C0} = {3FAF788A-9BFB-413C-A85B-197BEE7F1321}
		{23BDDADA-83DC-4980-B2B1-CBB0B678942F} = {3FAF788A-9BFB-413C-A85B-197BEE7F1321}
		{C9E6F931-1DF5-4969-9964-4DC3B3B9DCFC} = {5656FE26-2995-4842-B088-D8E29338C13E}
		{3544CC4C-ABD8-4820-88C7-B93FA53A78E6} = {5656FE26-2995-4842-B088-D8E29338C13E}
		{60A53EEC-B17E-4BB8-9626-064ADA85CFC7} = {5656FE26-2995-4842-B088-D8E29338C13E}
		{608DC682-E676-4AA0-8886-FB8177C3A9B6} = {5656FE26-2995-4842-B088-D8E29338C13E}
		{1FF53D27-8086-4755-829D-53B5D13DB505} = {5656FE26-2995-4842-B088-D8E29338C13E}
		{84289E70-D37A-482E-A1D5-72E6773826DC} = {5656FE26-2995-4842-B088-D8E29338C13E}
		{762B44B2-4615-4C7D-9418-DC604A6D930A} = {5656FE26-2995-4842-B088-D8E29338C13E}
		{F3930F29-C621-41EA-892C-8B5D48C5D2BB} = {5656FE26-2995-4842-B088-D8E29338C13E}
		{92937010-1E2A-4928-A03A-49F6AD1C9927} = {5656FE26-2995-4842-B088-D8E29338C13E}
		{6247D689-9B0F-4FCB-817D-2258739B5AAE} = {5656FE26-2995-4842-B088-D8E29338C13E}
		{CD45229C-C675-473F-8AA1-2F8A782D754B} = {5656FE26-2995-4842-B088-D8E29338C13E}
		{54EABEB3-4FF1-43DD-AEC2-5CBD566E3942} = {0BCBC69E-3FA8-4722-BB95-3B706C65640E}
		{6557CA9C-2D94-4722-8CE3-ED4A3EDB0940} = {0BCBC69E-3FA8-4722-BB95-3B706C65640E}
		{A5292682-B9B4-45D4-A867-0DDCD09A97F1} = {CE698894-DA6C-44F6-ADE0-3512208932C0}
		{CF92A5AA-E52E-4E60-AC3A-25996E089B08} = {CE698894-DA6C-44F6-ADE0-3512208932C0}
		{3EEDEF62-4AAD-43BF-B260-28F16A201AE7} = {CE698894-DA6C-44F6-ADE0-3512208932C0}
		{EFA49EB3-095E-47FA-BAE5-04E8F86E7676} = {CE698894-DA6C-44F6-ADE0-3512208932C0}
		{3AA4E4E3-9A41-43EF-868B-7830E848FD2C} = {CE698894-DA6C-44F6-ADE0-3512208932C0}
		{FB9B2DE4-6E41-452B-B166-B1145A8E3ACD} = {23BDDADA-83DC-4980-B2B1-CBB0B678942F}
		{740712A4-0B4B-4EEE-BFE8-A2E74F9C1CC7} = {23BDDADA-83DC-4980-B2B1-CBB0B678942F}
		{B8D843B7-9EAC-410E-9131-57B33F27605A} = {23BDDADA-83DC-4980-B2B1-CBB0B678942F}
		{62406A47-C94A-4C76-B1EF-2AB3E6E175D5} = {B2911380-5E76-457A-AC80-A24B1EECA0BB}
		{DB0DDAF0-9F7E-412E-9D15-327C832CFF00} = {B2911380-5E76-457A-AC80-A24B1EECA0BB}
		{321FBA19-5BBD-44E5-BDA3-C5E6838DEBF6} = {B2911380-5E76-457A-AC80-A24B1EECA0BB}
		{73C28FE8-F8A1-440A-8160-57DA7E318CD3} = {B2911380-5E76-457A-AC80-A24B1EECA0BB}
		{391B7998-66A3-442C-B7CD-4761F3A069D6} = {B338F8A9-A30E-4464-832D-102678C88A6D}
		{8B2601FE-BE04-4EC9-B703-48C106200470} = {92937010-1E2A-4928-A03A-49F6AD1C9927}
		{77B40DFE-E113-43EC-8059-099246687405} = {92937010-1E2A-4928-A03A-49F6AD1C9927}
		{3464DE22-C75C-4826-B33B-7EB283CC060C} = {46E01EE4-7FBE-4A1C-A5EF-B14FB01AAC5D}
	EndGlobalSection
EndGlobal
