
Microsoft Visual Studio Solution File, Format Version 12.00
# Visual Studio 2012
Project("{2150E333-8FDC-42A3-9474-1A3956D46DE8}") = "Content", "Content", "{7DB53567-CA6D-4F58-A2AB-337764CAFF55}"
EndProject
Project("{2150E333-8FDC-42A3-9474-1A3956D46DE8}") = "GamesManager", "GamesManager", "{3FAF788A-9BFB-413C-A85B-197BEE7F1321}"
EndProject
Project("{2150E333-8FDC-42A3-9474-1A3956D46DE8}") = "Automation", "Automation", "{54B32E7E-A90E-4043-A9FB-12219CF42108}"
	ProjectSection(SolutionItems) = preProject
		automation\documentation.Doxyfile = automation\documentation.Doxyfile
		automation\Functions.include = automation\Functions.include
		automation\MGDF.build = automation\MGDF.build
	EndProjectSection
EndProject
Project("{2150E333-8FDC-42A3-9474-1A3956D46DE8}") = "Tests", "Tests", "{B2911380-5E76-457A-AC80-A24B1EECA0BB}"
EndProject
Project("{2150E333-8FDC-42A3-9474-1A3956D46DE8}") = "Src", "Src", "{5656FE26-2995-4842-B088-D8E29338C13E}"
EndProject
Project("{2150E333-8FDC-42A3-9474-1A3956D46DE8}") = "Content", "Content", "{321FBA19-5BBD-44E5-BDA3-C5E6838DEBF6}"
	ProjectSection(SolutionItems) = preProject
		tests\content\console.json = tests\content\console.json
		tests\content\gameState.json = tests\content\gameState.json
		tests\content\preferences.json = tests\content\preferences.json
		tests\content\Update.json = tests\content\Update.json
	EndProjectSection
EndProject
Project("{2150E333-8FDC-42A3-9474-1A3956D46DE8}") = "Modules", "Modules", "{92937010-1E2A-4928-A03A-49F6AD1C9927}"
EndProject
Project("{2150E333-8FDC-42A3-9474-1A3956D46DE8}") = "Server", "Server", "{23BDDADA-83DC-4980-B2B1-CBB0B678942F}"
EndProject
Project("{2150E333-8FDC-42A3-9474-1A3956D46DE8}") = "Client", "Client", "{CE698894-DA6C-44F6-ADE0-3512208932C0}"
EndProject
Project("{2150E333-8FDC-42A3-9474-1A3956D46DE8}") = "Shared", "Shared", "{0BCBC69E-3FA8-4722-BB95-3B706C65640E}"
EndProject
Project("{2150E333-8FDC-42A3-9474-1A3956D46DE8}") = "game", "game", "{46E01EE4-7FBE-4A1C-A5EF-B14FB01AAC5D}"
	ProjectSection(SolutionItems) = preProject
		content\game\game.json = content\game\game.json
		content\game\gameIcon.png = content\game\gameIcon.png
		content\game\preferences.json = content\game\preferences.json
	EndProjectSection
EndProject
Project("{2150E333-8FDC-42A3-9474-1A3956D46DE8}") = "resources", "resources", "{EDB71625-AF75-4DA5-BBA0-D85971251DD6}"
	ProjectSection(SolutionItems) = preProject
		content\resources\gameIcon.png = content\resources\gameIcon.png
		content\resources\gameSystemIcon.ico = content\resources\gameSystemIcon.ico
		content\resources\preferences.json = content\resources\preferences.json
	EndProjectSection
EndProject
Project("{2150E333-8FDC-42A3-9474-1A3956D46DE8}") = "content", "content", "{3464DE22-C75C-4826-B33B-7EB283CC060C}"
	ProjectSection(SolutionItems) = preProject
		content\game\content\chimes.sfk = content\game\content\chimes.sfk
		content\game\content\chimes.wav = content\game\content\chimes.wav
		content\game\content\content.txt = content\game\content\content.txt
		content\game\content\Stream.ogg = content\game\content\Stream.ogg
		content\game\content\test.fakearchive = content\game\content\test.fakearchive
	EndProjectSection
EndProject
Project("{8BC9CEB8-8B4A-11D0-8D11-00A0C91BC942}") = "core", "src\core\core.vcxproj", "{762B44B2-4615-4C7D-9418-DC604A6D930A}"
	ProjectSection(ProjectDependencies) = postProject
		{E2D534DE-F3E6-44A3-B7D9-EEAD49C56A2C} = {E2D534DE-F3E6-44A3-B7D9-EEAD49C56A2C}
	EndProjectSection
EndProject
Project("{8BC9CEB8-8B4A-11D0-8D11-00A0C91BC942}") = "core.input", "src\core\input\core.input.vcxproj", "{C9E6F931-1DF5-4969-9964-4DC3B3B9DCFC}"
EndProject
Project("{8BC9CEB8-8B4A-11D0-8D11-00A0C91BC942}") = "core.vfs", "src\core\vfs\core.vfs.vcxproj", "{60A53EEC-B17E-4BB8-9626-064ADA85CFC7}"
EndProject
Project("{8BC9CEB8-8B4A-11D0-8D11-00A0C91BC942}") = "core.common", "src\core\common\core.common.vcxproj", "{608DC682-E676-4AA0-8886-FB8177C3A9B6}"
EndProject
Project("{8BC9CEB8-8B4A-11D0-8D11-00A0C91BC942}") = "core.audio", "src\core\audio\core.audio.vcxproj", "{1FF53D27-8086-4755-829D-53B5D13DB505}"
EndProject
Project("{8BC9CEB8-8B4A-11D0-8D11-00A0C91BC942}") = "core.impl", "src\core\core.impl\core.impl.vcxproj", "{84289E70-D37A-482E-A1D5-72E6773826DC}"
	ProjectSection(ProjectDependencies) = postProject
		{E2D534DE-F3E6-44A3-B7D9-EEAD49C56A2C} = {E2D534DE-F3E6-44A3-B7D9-EEAD49C56A2C}
	EndProjectSection
EndProject
Project("{FAE04EC0-301F-11D3-BF4B-00C04F79EFBC}") = "GamesManager.Common", "src\GamesManager\GamesManager.Common\GamesManager.Common.csproj", "{6557CA9C-2D94-4722-8CE3-ED4A3EDB0940}"
EndProject
Project("{FAE04EC0-301F-11D3-BF4B-00C04F79EFBC}") = "GamesManager.Controls", "src\GamesManager\GamesManager.Controls\GamesManager.Controls.csproj", "{EFA49EB3-095E-47FA-BAE5-04E8F86E7676}"
EndProject
Project("{FAE04EC0-301F-11D3-BF4B-00C04F79EFBC}") = "GamesManager.Model", "src\GamesManager\GamesManager.Model\GamesManager.Model.csproj", "{A5292682-B9B4-45D4-A867-0DDCD09A97F1}"
EndProject
Project("{FAE04EC0-301F-11D3-BF4B-00C04F79EFBC}") = "GamesManager.StatisticsService", "src\GamesManager\GamesManager.StatisticsService\GamesManager.StatisticsService.csproj", "{B8D843B7-9EAC-410E-9131-57B33F27605A}"
EndProject
Project("{FAE04EC0-301F-11D3-BF4B-00C04F79EFBC}") = "GamesManager.StatisticsService.Model", "src\GamesManager\GamesManager.StatisticsService.Model\GamesManager.StatisticsService.Model.csproj", "{FB9B2DE4-6E41-452B-B166-B1145A8E3ACD}"
EndProject
Project("{FAE04EC0-301F-11D3-BF4B-00C04F79EFBC}") = "GamesManager.StatisticsService.Contracts", "src\GamesManager\GamesManager.StatisticsService.Contracts\GamesManager.StatisticsService.Contracts.csproj", "{54EABEB3-4FF1-43DD-AEC2-5CBD566E3942}"
EndProject
Project("{8BC9CEB8-8B4A-11D0-8D11-00A0C91BC942}") = "core.tests", "tests\core.tests\core.tests.vcxproj", "{62406A47-C94A-4C76-B1EF-2AB3E6E175D5}"
EndProject
Project("{FAE04EC0-301F-11D3-BF4B-00C04F79EFBC}") = "GamesManager.Tests", "tests\GamesManager.Tests\GamesManager.Tests.csproj", "{DB0DDAF0-9F7E-412E-9D15-327C832CFF00}"
EndProject
Project("{FAE04EC0-301F-11D3-BF4B-00C04F79EFBC}") = "GamesManager.Tests.Common", "tests\GamesManager.Tests.Common\GamesManager.Tests.Common.csproj", "{73C28FE8-F8A1-440A-8160-57DA7E318CD3}"
EndProject
Project("{8BC9CEB8-8B4A-11D0-8D11-00A0C91BC942}") = "core.audio.openal", "src\core\audio\openal\core.audio.openal.vcxproj", "{F3930F29-C621-41EA-892C-8B5D48C5D2BB}"
EndProject
Project("{FAE04EC0-301F-11D3-BF4B-00C04F79EFBC}") = "GamesManager.FrameworkUpdater", "src\GamesManager\GamesManager.FrameworkUpdater\GamesManager.FrameworkUpdater.csproj", "{CF92A5AA-E52E-4E60-AC3A-25996E089B08}"
EndProject
Project("{FAE04EC0-301F-11D3-BF4B-00C04F79EFBC}") = "GamesManager", "src\GamesManager\GamesManager\GamesManager.csproj", "{3EEDEF62-4AAD-43BF-B260-28F16A201AE7}"
EndProject
Project("{FAE04EC0-301F-11D3-BF4B-00C04F79EFBC}") = "GamesManager.ServerCommon", "src\GamesManager\GamesManager.ServerCommon\GamesManager.ServerCommon.csproj", "{740712A4-0B4B-4EEE-BFE8-A2E74F9C1CC7}"
EndProject
Project("{FAE04EC0-301F-11D3-BF4B-00C04F79EFBC}") = "GamesManager.PackageGen", "src\GamesManager\GamesManager.PackageGen\GamesManager.PackageGen.csproj", "{3AA4E4E3-9A41-43EF-868B-7830E848FD2C}"
EndProject
Project("{8BC9CEB8-8B4A-11D0-8D11-00A0C91BC942}") = "testCommon", "src\modules\testCommon\testCommon.vcxproj", "{8B2601FE-BE04-4EC9-B703-48C106200470}"
EndProject
Project("{8BC9CEB8-8B4A-11D0-8D11-00A0C91BC942}") = "testModule", "src\modules\testModule\testModule.vcxproj", "{77B40DFE-E113-43EC-8059-099246687405}"
EndProject
Project("{8BC9CEB8-8B4A-11D0-8D11-00A0C91BC942}") = "core.storage", "src\core\storage\core.storage.vcxproj", "{6247D689-9B0F-4FCB-817D-2258739B5AAE}"
EndProject
Project("{8BC9CEB8-8B4A-11D0-8D11-00A0C91BC942}") = "core.storage.jsoncpp", "src\core\storage\jsoncpp\core.storage.jsoncpp.vcxproj", "{CD45229C-C675-473F-8AA1-2F8A782D754B}"
EndProject
Project("{8BC9CEB8-8B4A-11D0-8D11-00A0C91BC942}") = "core.input.xinput", "src\core\input\xinput\core.input.xinput.vcxproj", "{E2D534DE-F3E6-44A3-B7D9-EEAD49C56A2C}"
EndProject
Project("{2150E333-8FDC-42A3-9474-1A3956D46DE8}") = "Samples", "Samples", "{8B9E33FD-4749-440D-8007-EBCDFB1F3C00}"
EndProject
Project("{8BC9CEB8-8B4A-11D0-8D11-00A0C91BC942}") = "EmptyGame", "src\samples\EmptyGame\EmptyGame.vcxproj", "{562212BD-4D30-461A-9452-88E372527BE2}"
EndProject
Project("{2150E333-8FDC-42A3-9474-1A3956D46DE8}") = "Vendor", "Vendor", "{28C3B38B-2DE5-4423-A225-2E18B2C2F820}"
EndProject
Project("{8BC9CEB8-8B4A-11D0-8D11-00A0C91BC942}") = "alut", "..\vendor\alut\alut.vcxproj", "{8CC73BD6-B85E-4C1C-A020-DCEB0DF69EEE}"
EndProject
Project("{8BC9CEB8-8B4A-11D0-8D11-00A0C91BC942}") = "FW1FontWrapper", "..\vendor\FW1FontWrapper\FW1FontWrapper.vcxproj", "{27023E90-F9FA-4224-B6C3-7B3340871F5E}"
	ProjectSection(ProjectDependencies) = postProject
		{C379E036-BF17-4798-80B8-7C0EFA60B079} = {C379E036-BF17-4798-80B8-7C0EFA60B079}
	EndProjectSection
EndProject
Project("{8BC9CEB8-8B4A-11D0-8D11-00A0C91BC942}") = "FW1FontWrapperShaders", "..\vendor\FW1FontWrapperShaders\FW1FontWrapperShaders.vcxproj", "{C379E036-BF17-4798-80B8-7C0EFA60B079}"
EndProject
Project("{FAE04EC0-301F-11D3-BF4B-00C04F79EFBC}") = "IconLib", "..\vendor\IconLib\IconLib.csproj", "{CE53747F-D2E6-4E1E-9EF4-A0AE02671B1D}"
EndProject
Project("{FAE04EC0-301F-11D3-BF4B-00C04F79EFBC}") = "ICSharpCode.SharpZLib", "..\vendor\ICSharpCode.SharpZLib\ICSharpCode.SharpZLib.csproj", "{0E7413FF-EB9E-4714-ACF2-BE3A6A7B2FFD}"
EndProject
Project("{8BC9CEB8-8B4A-11D0-8D11-00A0C91BC942}") = "Jsoncpp", "..\vendor\jsoncpp-0.5.0\Jsoncpp.vcxproj", "{41260955-25DE-4D86-B54F-282735B1289D}"
EndProject
Project("{8BC9CEB8-8B4A-11D0-8D11-00A0C91BC942}") = "libogg", "..\vendor\libogg-1.2.0\win32\VS2008\libogg_dynamic.vcxproj", "{15CBFEFF-7965-41F5-B4E2-21E8795C9159}"
EndProject
Project("{8BC9CEB8-8B4A-11D0-8D11-00A0C91BC942}") = "libvorbis", "..\vendor\libvorbis-1.3.1\win32\VS2008\libvorbis\libvorbis_dynamic.vcxproj", "{3A214E06-B95E-4D61-A291-1F8DF2EC10FD}"
EndProject
Project("{8BC9CEB8-8B4A-11D0-8D11-00A0C91BC942}") = "libvorbisfile", "..\vendor\libvorbis-1.3.1\win32\VS2008\libvorbisfile\libvorbisfile_dynamic.vcxproj", "{CEBDE98B-A6AA-46E6-BC79-FAAF823DB9EC}"
EndProject
Project("{8BC9CEB8-8B4A-11D0-8D11-00A0C91BC942}") = "minizip", "..\vendor\minizip\msvc\minizip.vcxproj", "{F3E5680F-0EEF-4CF2-834F-0968E25CA647}"
EndProject
Project("{FAE04EC0-301F-11D3-BF4B-00C04F79EFBC}") = "Newtonsoft.Json.Net35", "..\vendor\Newtonsoft.Json\Newtonsoft.Json.Net35.csproj", "{A9AE40FF-1A21-414A-9FE7-3BE13644CC6D}"
EndProject
Project("{8BC9CEB8-8B4A-11D0-8D11-00A0C91BC942}") = "zlib", "..\vendor\zlib\msvc\zlib.vcxproj", "{EFF8C713-14FB-4121-AE2E-A2BE2A614901}"
EndProject
Project("{8BC9CEB8-8B4A-11D0-8D11-00A0C91BC942}") = "UnitTest++", "..\vendor\UnitTest++\UnitTest++.vsnet2005.vcxproj", "{64A4FEFE-0461-4E95-8CC1-91EF5F57DBC6}"
EndProject
Global
	GlobalSection(SolutionConfigurationPlatforms) = preSolution
		Debug|Any CPU = Debug|Any CPU
		Debug|Mixed Platforms = Debug|Mixed Platforms
		Debug|Win32 = Debug|Win32
		Debug|x64 = Debug|x64
		Release|Any CPU = Release|Any CPU
		Release|Mixed Platforms = Release|Mixed Platforms
		Release|Win32 = Release|Win32
		Release|x64 = Release|x64
	EndGlobalSection
	GlobalSection(ProjectConfigurationPlatforms) = postSolution
		{762B44B2-4615-4C7D-9418-DC604A6D930A}.Debug|Any CPU.ActiveCfg = Debug|Win32
		{762B44B2-4615-4C7D-9418-DC604A6D930A}.Debug|Mixed Platforms.ActiveCfg = Debug|Win32
		{762B44B2-4615-4C7D-9418-DC604A6D930A}.Debug|Mixed Platforms.Build.0 = Debug|Win32
		{762B44B2-4615-4C7D-9418-DC604A6D930A}.Debug|Win32.ActiveCfg = Debug|Win32
		{762B44B2-4615-4C7D-9418-DC604A6D930A}.Debug|Win32.Build.0 = Debug|Win32
		{762B44B2-4615-4C7D-9418-DC604A6D930A}.Debug|x64.ActiveCfg = Debug|x64
		{762B44B2-4615-4C7D-9418-DC604A6D930A}.Debug|x64.Build.0 = Debug|x64
		{762B44B2-4615-4C7D-9418-DC604A6D930A}.Release|Any CPU.ActiveCfg = Release|Win32
		{762B44B2-4615-4C7D-9418-DC604A6D930A}.Release|Mixed Platforms.ActiveCfg = Release|Win32
		{762B44B2-4615-4C7D-9418-DC604A6D930A}.Release|Mixed Platforms.Build.0 = Release|Win32
		{762B44B2-4615-4C7D-9418-DC604A6D930A}.Release|Win32.ActiveCfg = Release|Win32
		{762B44B2-4615-4C7D-9418-DC604A6D930A}.Release|Win32.Build.0 = Release|Win32
		{762B44B2-4615-4C7D-9418-DC604A6D930A}.Release|x64.ActiveCfg = Release|x64
		{762B44B2-4615-4C7D-9418-DC604A6D930A}.Release|x64.Build.0 = Release|x64
		{C9E6F931-1DF5-4969-9964-4DC3B3B9DCFC}.Debug|Any CPU.ActiveCfg = Debug|Win32
		{C9E6F931-1DF5-4969-9964-4DC3B3B9DCFC}.Debug|Mixed Platforms.ActiveCfg = Debug|Win32
		{C9E6F931-1DF5-4969-9964-4DC3B3B9DCFC}.Debug|Mixed Platforms.Build.0 = Debug|Win32
		{C9E6F931-1DF5-4969-9964-4DC3B3B9DCFC}.Debug|Win32.ActiveCfg = Debug|Win32
		{C9E6F931-1DF5-4969-9964-4DC3B3B9DCFC}.Debug|Win32.Build.0 = Debug|Win32
		{C9E6F931-1DF5-4969-9964-4DC3B3B9DCFC}.Debug|x64.ActiveCfg = Debug|x64
		{C9E6F931-1DF5-4969-9964-4DC3B3B9DCFC}.Debug|x64.Build.0 = Debug|x64
		{C9E6F931-1DF5-4969-9964-4DC3B3B9DCFC}.Release|Any CPU.ActiveCfg = Release|Win32
		{C9E6F931-1DF5-4969-9964-4DC3B3B9DCFC}.Release|Mixed Platforms.ActiveCfg = Release|Win32
		{C9E6F931-1DF5-4969-9964-4DC3B3B9DCFC}.Release|Mixed Platforms.Build.0 = Release|Win32
		{C9E6F931-1DF5-4969-9964-4DC3B3B9DCFC}.Release|Win32.ActiveCfg = Release|Win32
		{C9E6F931-1DF5-4969-9964-4DC3B3B9DCFC}.Release|Win32.Build.0 = Release|Win32
		{C9E6F931-1DF5-4969-9964-4DC3B3B9DCFC}.Release|x64.ActiveCfg = Release|x64
		{C9E6F931-1DF5-4969-9964-4DC3B3B9DCFC}.Release|x64.Build.0 = Release|x64
		{60A53EEC-B17E-4BB8-9626-064ADA85CFC7}.Debug|Any CPU.ActiveCfg = Debug|Win32
		{60A53EEC-B17E-4BB8-9626-064ADA85CFC7}.Debug|Mixed Platforms.ActiveCfg = Debug|Win32
		{60A53EEC-B17E-4BB8-9626-064ADA85CFC7}.Debug|Mixed Platforms.Build.0 = Debug|Win32
		{60A53EEC-B17E-4BB8-9626-064ADA85CFC7}.Debug|Win32.ActiveCfg = Debug|Win32
		{60A53EEC-B17E-4BB8-9626-064ADA85CFC7}.Debug|Win32.Build.0 = Debug|Win32
		{60A53EEC-B17E-4BB8-9626-064ADA85CFC7}.Debug|x64.ActiveCfg = Debug|x64
		{60A53EEC-B17E-4BB8-9626-064ADA85CFC7}.Debug|x64.Build.0 = Debug|x64
		{60A53EEC-B17E-4BB8-9626-064ADA85CFC7}.Release|Any CPU.ActiveCfg = Release|Win32
		{60A53EEC-B17E-4BB8-9626-064ADA85CFC7}.Release|Mixed Platforms.ActiveCfg = Release|Win32
		{60A53EEC-B17E-4BB8-9626-064ADA85CFC7}.Release|Mixed Platforms.Build.0 = Release|Win32
		{60A53EEC-B17E-4BB8-9626-064ADA85CFC7}.Release|Win32.ActiveCfg = Release|Win32
		{60A53EEC-B17E-4BB8-9626-064ADA85CFC7}.Release|Win32.Build.0 = Release|Win32
		{60A53EEC-B17E-4BB8-9626-064ADA85CFC7}.Release|x64.ActiveCfg = Release|x64
		{60A53EEC-B17E-4BB8-9626-064ADA85CFC7}.Release|x64.Build.0 = Release|x64
		{608DC682-E676-4AA0-8886-FB8177C3A9B6}.Debug|Any CPU.ActiveCfg = Debug|Win32
		{608DC682-E676-4AA0-8886-FB8177C3A9B6}.Debug|Mixed Platforms.ActiveCfg = Debug|Win32
		{608DC682-E676-4AA0-8886-FB8177C3A9B6}.Debug|Mixed Platforms.Build.0 = Debug|Win32
		{608DC682-E676-4AA0-8886-FB8177C3A9B6}.Debug|Win32.ActiveCfg = Debug|Win32
		{608DC682-E676-4AA0-8886-FB8177C3A9B6}.Debug|Win32.Build.0 = Debug|Win32
		{608DC682-E676-4AA0-8886-FB8177C3A9B6}.Debug|x64.ActiveCfg = Debug|x64
		{608DC682-E676-4AA0-8886-FB8177C3A9B6}.Debug|x64.Build.0 = Debug|x64
		{608DC682-E676-4AA0-8886-FB8177C3A9B6}.Release|Any CPU.ActiveCfg = Release|Win32
		{608DC682-E676-4AA0-8886-FB8177C3A9B6}.Release|Mixed Platforms.ActiveCfg = Release|Win32
		{608DC682-E676-4AA0-8886-FB8177C3A9B6}.Release|Mixed Platforms.Build.0 = Release|Win32
		{608DC682-E676-4AA0-8886-FB8177C3A9B6}.Release|Win32.ActiveCfg = Release|Win32
		{608DC682-E676-4AA0-8886-FB8177C3A9B6}.Release|Win32.Build.0 = Release|Win32
		{608DC682-E676-4AA0-8886-FB8177C3A9B6}.Release|x64.ActiveCfg = Release|x64
		{608DC682-E676-4AA0-8886-FB8177C3A9B6}.Release|x64.Build.0 = Release|x64
		{1FF53D27-8086-4755-829D-53B5D13DB505}.Debug|Any CPU.ActiveCfg = Debug|Win32
		{1FF53D27-8086-4755-829D-53B5D13DB505}.Debug|Mixed Platforms.ActiveCfg = Debug|Win32
		{1FF53D27-8086-4755-829D-53B5D13DB505}.Debug|Mixed Platforms.Build.0 = Debug|Win32
		{1FF53D27-8086-4755-829D-53B5D13DB505}.Debug|Win32.ActiveCfg = Debug|Win32
		{1FF53D27-8086-4755-829D-53B5D13DB505}.Debug|Win32.Build.0 = Debug|Win32
		{1FF53D27-8086-4755-829D-53B5D13DB505}.Debug|x64.ActiveCfg = Debug|x64
		{1FF53D27-8086-4755-829D-53B5D13DB505}.Debug|x64.Build.0 = Debug|x64
		{1FF53D27-8086-4755-829D-53B5D13DB505}.Release|Any CPU.ActiveCfg = Release|Win32
		{1FF53D27-8086-4755-829D-53B5D13DB505}.Release|Mixed Platforms.ActiveCfg = Release|Win32
		{1FF53D27-8086-4755-829D-53B5D13DB505}.Release|Mixed Platforms.Build.0 = Release|Win32
		{1FF53D27-8086-4755-829D-53B5D13DB505}.Release|Win32.ActiveCfg = Release|Win32
		{1FF53D27-8086-4755-829D-53B5D13DB505}.Release|Win32.Build.0 = Release|Win32
		{1FF53D27-8086-4755-829D-53B5D13DB505}.Release|x64.ActiveCfg = Release|x64
		{1FF53D27-8086-4755-829D-53B5D13DB505}.Release|x64.Build.0 = Release|x64
		{84289E70-D37A-482E-A1D5-72E6773826DC}.Debug|Any CPU.ActiveCfg = Debug|Win32
		{84289E70-D37A-482E-A1D5-72E6773826DC}.Debug|Mixed Platforms.ActiveCfg = Debug|Win32
		{84289E70-D37A-482E-A1D5-72E6773826DC}.Debug|Mixed Platforms.Build.0 = Debug|Win32
		{84289E70-D37A-482E-A1D5-72E6773826DC}.Debug|Win32.ActiveCfg = Debug|Win32
		{84289E70-D37A-482E-A1D5-72E6773826DC}.Debug|Win32.Build.0 = Debug|Win32
		{84289E70-D37A-482E-A1D5-72E6773826DC}.Debug|x64.ActiveCfg = Debug|x64
		{84289E70-D37A-482E-A1D5-72E6773826DC}.Debug|x64.Build.0 = Debug|x64
		{84289E70-D37A-482E-A1D5-72E6773826DC}.Release|Any CPU.ActiveCfg = Release|Win32
		{84289E70-D37A-482E-A1D5-72E6773826DC}.Release|Mixed Platforms.ActiveCfg = Release|Win32
		{84289E70-D37A-482E-A1D5-72E6773826DC}.Release|Mixed Platforms.Build.0 = Release|Win32
		{84289E70-D37A-482E-A1D5-72E6773826DC}.Release|Win32.ActiveCfg = Release|Win32
		{84289E70-D37A-482E-A1D5-72E6773826DC}.Release|Win32.Build.0 = Release|Win32
		{84289E70-D37A-482E-A1D5-72E6773826DC}.Release|x64.ActiveCfg = Release|x64
		{84289E70-D37A-482E-A1D5-72E6773826DC}.Release|x64.Build.0 = Release|x64
		{6557CA9C-2D94-4722-8CE3-ED4A3EDB0940}.Debug|Any CPU.ActiveCfg = Debug|Any CPU
		{6557CA9C-2D94-4722-8CE3-ED4A3EDB0940}.Debug|Any CPU.Build.0 = Debug|Any CPU
		{6557CA9C-2D94-4722-8CE3-ED4A3EDB0940}.Debug|Mixed Platforms.ActiveCfg = Debug|Any CPU
		{6557CA9C-2D94-4722-8CE3-ED4A3EDB0940}.Debug|Mixed Platforms.Build.0 = Debug|Any CPU
		{6557CA9C-2D94-4722-8CE3-ED4A3EDB0940}.Debug|Win32.ActiveCfg = Debug|Any CPU
		{6557CA9C-2D94-4722-8CE3-ED4A3EDB0940}.Debug|Win32.Build.0 = Debug|Any CPU
		{6557CA9C-2D94-4722-8CE3-ED4A3EDB0940}.Debug|x64.ActiveCfg = Debug|Any CPU
		{6557CA9C-2D94-4722-8CE3-ED4A3EDB0940}.Debug|x64.Build.0 = Debug|Any CPU
		{6557CA9C-2D94-4722-8CE3-ED4A3EDB0940}.Release|Any CPU.ActiveCfg = Release|Any CPU
		{6557CA9C-2D94-4722-8CE3-ED4A3EDB0940}.Release|Any CPU.Build.0 = Release|Any CPU
		{6557CA9C-2D94-4722-8CE3-ED4A3EDB0940}.Release|Mixed Platforms.ActiveCfg = Release|Any CPU
		{6557CA9C-2D94-4722-8CE3-ED4A3EDB0940}.Release|Mixed Platforms.Build.0 = Release|Any CPU
		{6557CA9C-2D94-4722-8CE3-ED4A3EDB0940}.Release|Win32.ActiveCfg = Release|Any CPU
		{6557CA9C-2D94-4722-8CE3-ED4A3EDB0940}.Release|Win32.Build.0 = Release|Any CPU
		{6557CA9C-2D94-4722-8CE3-ED4A3EDB0940}.Release|x64.ActiveCfg = Release|Any CPU
		{6557CA9C-2D94-4722-8CE3-ED4A3EDB0940}.Release|x64.Build.0 = Release|Any CPU
		{EFA49EB3-095E-47FA-BAE5-04E8F86E7676}.Debug|Any CPU.ActiveCfg = Debug|Any CPU
		{EFA49EB3-095E-47FA-BAE5-04E8F86E7676}.Debug|Any CPU.Build.0 = Debug|Any CPU
		{EFA49EB3-095E-47FA-BAE5-04E8F86E7676}.Debug|Mixed Platforms.ActiveCfg = Debug|Any CPU
		{EFA49EB3-095E-47FA-BAE5-04E8F86E7676}.Debug|Mixed Platforms.Build.0 = Debug|Any CPU
		{EFA49EB3-095E-47FA-BAE5-04E8F86E7676}.Debug|Win32.ActiveCfg = Debug|Any CPU
		{EFA49EB3-095E-47FA-BAE5-04E8F86E7676}.Debug|Win32.Build.0 = Debug|Any CPU
		{EFA49EB3-095E-47FA-BAE5-04E8F86E7676}.Debug|x64.ActiveCfg = Debug|Any CPU
		{EFA49EB3-095E-47FA-BAE5-04E8F86E7676}.Debug|x64.Build.0 = Debug|Any CPU
		{EFA49EB3-095E-47FA-BAE5-04E8F86E7676}.Release|Any CPU.ActiveCfg = Release|Any CPU
		{EFA49EB3-095E-47FA-BAE5-04E8F86E7676}.Release|Any CPU.Build.0 = Release|Any CPU
		{EFA49EB3-095E-47FA-BAE5-04E8F86E7676}.Release|Mixed Platforms.ActiveCfg = Release|Any CPU
		{EFA49EB3-095E-47FA-BAE5-04E8F86E7676}.Release|Mixed Platforms.Build.0 = Release|Any CPU
		{EFA49EB3-095E-47FA-BAE5-04E8F86E7676}.Release|Win32.ActiveCfg = Release|Any CPU
		{EFA49EB3-095E-47FA-BAE5-04E8F86E7676}.Release|Win32.Build.0 = Release|Any CPU
		{EFA49EB3-095E-47FA-BAE5-04E8F86E7676}.Release|x64.ActiveCfg = Release|Any CPU
		{EFA49EB3-095E-47FA-BAE5-04E8F86E7676}.Release|x64.Build.0 = Release|Any CPU
		{A5292682-B9B4-45D4-A867-0DDCD09A97F1}.Debug|Any CPU.ActiveCfg = Debug|Any CPU
		{A5292682-B9B4-45D4-A867-0DDCD09A97F1}.Debug|Any CPU.Build.0 = Debug|Any CPU
		{A5292682-B9B4-45D4-A867-0DDCD09A97F1}.Debug|Mixed Platforms.ActiveCfg = Debug|Any CPU
		{A5292682-B9B4-45D4-A867-0DDCD09A97F1}.Debug|Mixed Platforms.Build.0 = Debug|Any CPU
		{A5292682-B9B4-45D4-A867-0DDCD09A97F1}.Debug|Win32.ActiveCfg = Debug|Any CPU
		{A5292682-B9B4-45D4-A867-0DDCD09A97F1}.Debug|Win32.Build.0 = Debug|Any CPU
		{A5292682-B9B4-45D4-A867-0DDCD09A97F1}.Debug|x64.ActiveCfg = Debug|Any CPU
		{A5292682-B9B4-45D4-A867-0DDCD09A97F1}.Debug|x64.Build.0 = Debug|Any CPU
		{A5292682-B9B4-45D4-A867-0DDCD09A97F1}.Release|Any CPU.ActiveCfg = Release|Any CPU
		{A5292682-B9B4-45D4-A867-0DDCD09A97F1}.Release|Any CPU.Build.0 = Release|Any CPU
		{A5292682-B9B4-45D4-A867-0DDCD09A97F1}.Release|Mixed Platforms.ActiveCfg = Release|Any CPU
		{A5292682-B9B4-45D4-A867-0DDCD09A97F1}.Release|Mixed Platforms.Build.0 = Release|Any CPU
		{A5292682-B9B4-45D4-A867-0DDCD09A97F1}.Release|Win32.ActiveCfg = Release|Any CPU
		{A5292682-B9B4-45D4-A867-0DDCD09A97F1}.Release|Win32.Build.0 = Release|Any CPU
		{A5292682-B9B4-45D4-A867-0DDCD09A97F1}.Release|x64.ActiveCfg = Release|Any CPU
		{A5292682-B9B4-45D4-A867-0DDCD09A97F1}.Release|x64.Build.0 = Release|Any CPU
		{B8D843B7-9EAC-410E-9131-57B33F27605A}.Debug|Any CPU.ActiveCfg = Debug|Any CPU
		{B8D843B7-9EAC-410E-9131-57B33F27605A}.Debug|Any CPU.Build.0 = Debug|Any CPU
		{B8D843B7-9EAC-410E-9131-57B33F27605A}.Debug|Mixed Platforms.ActiveCfg = Debug|Any CPU
		{B8D843B7-9EAC-410E-9131-57B33F27605A}.Debug|Mixed Platforms.Build.0 = Debug|Any CPU
		{B8D843B7-9EAC-410E-9131-57B33F27605A}.Debug|Win32.ActiveCfg = Debug|Any CPU
		{B8D843B7-9EAC-410E-9131-57B33F27605A}.Debug|Win32.Build.0 = Debug|Any CPU
		{B8D843B7-9EAC-410E-9131-57B33F27605A}.Debug|x64.ActiveCfg = Debug|Any CPU
		{B8D843B7-9EAC-410E-9131-57B33F27605A}.Debug|x64.Build.0 = Debug|Any CPU
		{B8D843B7-9EAC-410E-9131-57B33F27605A}.Release|Any CPU.ActiveCfg = Release|Any CPU
		{B8D843B7-9EAC-410E-9131-57B33F27605A}.Release|Any CPU.Build.0 = Release|Any CPU
		{B8D843B7-9EAC-410E-9131-57B33F27605A}.Release|Mixed Platforms.ActiveCfg = Release|Any CPU
		{B8D843B7-9EAC-410E-9131-57B33F27605A}.Release|Mixed Platforms.Build.0 = Release|Any CPU
		{B8D843B7-9EAC-410E-9131-57B33F27605A}.Release|Win32.ActiveCfg = Release|Any CPU
		{B8D843B7-9EAC-410E-9131-57B33F27605A}.Release|Win32.Build.0 = Release|Any CPU
		{B8D843B7-9EAC-410E-9131-57B33F27605A}.Release|x64.ActiveCfg = Release|Any CPU
		{B8D843B7-9EAC-410E-9131-57B33F27605A}.Release|x64.Build.0 = Release|Any CPU
		{FB9B2DE4-6E41-452B-B166-B1145A8E3ACD}.Debug|Any CPU.ActiveCfg = Debug|Any CPU
		{FB9B2DE4-6E41-452B-B166-B1145A8E3ACD}.Debug|Any CPU.Build.0 = Debug|Any CPU
		{FB9B2DE4-6E41-452B-B166-B1145A8E3ACD}.Debug|Mixed Platforms.ActiveCfg = Debug|Any CPU
		{FB9B2DE4-6E41-452B-B166-B1145A8E3ACD}.Debug|Mixed Platforms.Build.0 = Debug|Any CPU
		{FB9B2DE4-6E41-452B-B166-B1145A8E3ACD}.Debug|Win32.ActiveCfg = Debug|Any CPU
		{FB9B2DE4-6E41-452B-B166-B1145A8E3ACD}.Debug|Win32.Build.0 = Debug|Any CPU
		{FB9B2DE4-6E41-452B-B166-B1145A8E3ACD}.Debug|x64.ActiveCfg = Debug|Any CPU
		{FB9B2DE4-6E41-452B-B166-B1145A8E3ACD}.Debug|x64.Build.0 = Debug|Any CPU
		{FB9B2DE4-6E41-452B-B166-B1145A8E3ACD}.Release|Any CPU.ActiveCfg = Release|Any CPU
		{FB9B2DE4-6E41-452B-B166-B1145A8E3ACD}.Release|Any CPU.Build.0 = Release|Any CPU
		{FB9B2DE4-6E41-452B-B166-B1145A8E3ACD}.Release|Mixed Platforms.ActiveCfg = Release|Any CPU
		{FB9B2DE4-6E41-452B-B166-B1145A8E3ACD}.Release|Mixed Platforms.Build.0 = Release|Any CPU
		{FB9B2DE4-6E41-452B-B166-B1145A8E3ACD}.Release|Win32.ActiveCfg = Release|Any CPU
		{FB9B2DE4-6E41-452B-B166-B1145A8E3ACD}.Release|Win32.Build.0 = Release|Any CPU
		{FB9B2DE4-6E41-452B-B166-B1145A8E3ACD}.Release|x64.ActiveCfg = Release|Any CPU
		{FB9B2DE4-6E41-452B-B166-B1145A8E3ACD}.Release|x64.Build.0 = Release|Any CPU
		{54EABEB3-4FF1-43DD-AEC2-5CBD566E3942}.Debug|Any CPU.ActiveCfg = Debug|Any CPU
		{54EABEB3-4FF1-43DD-AEC2-5CBD566E3942}.Debug|Any CPU.Build.0 = Debug|Any CPU
		{54EABEB3-4FF1-43DD-AEC2-5CBD566E3942}.Debug|Mixed Platforms.ActiveCfg = Debug|Any CPU
		{54EABEB3-4FF1-43DD-AEC2-5CBD566E3942}.Debug|Mixed Platforms.Build.0 = Debug|Any CPU
		{54EABEB3-4FF1-43DD-AEC2-5CBD566E3942}.Debug|Win32.ActiveCfg = Debug|Any CPU
		{54EABEB3-4FF1-43DD-AEC2-5CBD566E3942}.Debug|Win32.Build.0 = Debug|Any CPU
		{54EABEB3-4FF1-43DD-AEC2-5CBD566E3942}.Debug|x64.ActiveCfg = Debug|Any CPU
		{54EABEB3-4FF1-43DD-AEC2-5CBD566E3942}.Debug|x64.Build.0 = Debug|Any CPU
		{54EABEB3-4FF1-43DD-AEC2-5CBD566E3942}.Release|Any CPU.ActiveCfg = Release|Any CPU
		{54EABEB3-4FF1-43DD-AEC2-5CBD566E3942}.Release|Any CPU.Build.0 = Release|Any CPU
		{54EABEB3-4FF1-43DD-AEC2-5CBD566E3942}.Release|Mixed Platforms.ActiveCfg = Release|Any CPU
		{54EABEB3-4FF1-43DD-AEC2-5CBD566E3942}.Release|Mixed Platforms.Build.0 = Release|Any CPU
		{54EABEB3-4FF1-43DD-AEC2-5CBD566E3942}.Release|Win32.ActiveCfg = Release|Any CPU
		{54EABEB3-4FF1-43DD-AEC2-5CBD566E3942}.Release|Win32.Build.0 = Release|Any CPU
		{54EABEB3-4FF1-43DD-AEC2-5CBD566E3942}.Release|x64.ActiveCfg = Release|Any CPU
		{54EABEB3-4FF1-43DD-AEC2-5CBD566E3942}.Release|x64.Build.0 = Release|Any CPU
		{62406A47-C94A-4C76-B1EF-2AB3E6E175D5}.Debug|Any CPU.ActiveCfg = Debug|Win32
		{62406A47-C94A-4C76-B1EF-2AB3E6E175D5}.Debug|Mixed Platforms.ActiveCfg = Debug|Win32
		{62406A47-C94A-4C76-B1EF-2AB3E6E175D5}.Debug|Mixed Platforms.Build.0 = Debug|Win32
		{62406A47-C94A-4C76-B1EF-2AB3E6E175D5}.Debug|Win32.ActiveCfg = Debug|Win32
		{62406A47-C94A-4C76-B1EF-2AB3E6E175D5}.Debug|Win32.Build.0 = Debug|Win32
		{62406A47-C94A-4C76-B1EF-2AB3E6E175D5}.Debug|x64.ActiveCfg = Debug|x64
		{62406A47-C94A-4C76-B1EF-2AB3E6E175D5}.Debug|x64.Build.0 = Debug|x64
		{62406A47-C94A-4C76-B1EF-2AB3E6E175D5}.Release|Any CPU.ActiveCfg = Release|Win32
		{62406A47-C94A-4C76-B1EF-2AB3E6E175D5}.Release|Mixed Platforms.ActiveCfg = Release|Win32
		{62406A47-C94A-4C76-B1EF-2AB3E6E175D5}.Release|Mixed Platforms.Build.0 = Release|Win32
		{62406A47-C94A-4C76-B1EF-2AB3E6E175D5}.Release|Win32.ActiveCfg = Release|Win32
		{62406A47-C94A-4C76-B1EF-2AB3E6E175D5}.Release|Win32.Build.0 = Release|Win32
		{62406A47-C94A-4C76-B1EF-2AB3E6E175D5}.Release|x64.ActiveCfg = Release|x64
		{62406A47-C94A-4C76-B1EF-2AB3E6E175D5}.Release|x64.Build.0 = Release|x64
		{DB0DDAF0-9F7E-412E-9D15-327C832CFF00}.Debug|Any CPU.ActiveCfg = Debug|Any CPU
		{DB0DDAF0-9F7E-412E-9D15-327C832CFF00}.Debug|Any CPU.Build.0 = Debug|Any CPU
		{DB0DDAF0-9F7E-412E-9D15-327C832CFF00}.Debug|Mixed Platforms.ActiveCfg = Debug|Any CPU
		{DB0DDAF0-9F7E-412E-9D15-327C832CFF00}.Debug|Mixed Platforms.Build.0 = Debug|Any CPU
		{DB0DDAF0-9F7E-412E-9D15-327C832CFF00}.Debug|Win32.ActiveCfg = Debug|Any CPU
		{DB0DDAF0-9F7E-412E-9D15-327C832CFF00}.Debug|Win32.Build.0 = Debug|Any CPU
		{DB0DDAF0-9F7E-412E-9D15-327C832CFF00}.Debug|x64.ActiveCfg = Debug|Any CPU
		{DB0DDAF0-9F7E-412E-9D15-327C832CFF00}.Debug|x64.Build.0 = Debug|Any CPU
		{DB0DDAF0-9F7E-412E-9D15-327C832CFF00}.Release|Any CPU.ActiveCfg = Release|Any CPU
		{DB0DDAF0-9F7E-412E-9D15-327C832CFF00}.Release|Any CPU.Build.0 = Release|Any CPU
		{DB0DDAF0-9F7E-412E-9D15-327C832CFF00}.Release|Mixed Platforms.ActiveCfg = Release|Any CPU
		{DB0DDAF0-9F7E-412E-9D15-327C832CFF00}.Release|Mixed Platforms.Build.0 = Release|Any CPU
		{DB0DDAF0-9F7E-412E-9D15-327C832CFF00}.Release|Win32.ActiveCfg = Release|Any CPU
		{DB0DDAF0-9F7E-412E-9D15-327C832CFF00}.Release|Win32.Build.0 = Release|Any CPU
		{DB0DDAF0-9F7E-412E-9D15-327C832CFF00}.Release|x64.ActiveCfg = Release|Any CPU
		{DB0DDAF0-9F7E-412E-9D15-327C832CFF00}.Release|x64.Build.0 = Release|Any CPU
		{73C28FE8-F8A1-440A-8160-57DA7E318CD3}.Debug|Any CPU.ActiveCfg = Debug|Any CPU
		{73C28FE8-F8A1-440A-8160-57DA7E318CD3}.Debug|Any CPU.Build.0 = Debug|Any CPU
		{73C28FE8-F8A1-440A-8160-57DA7E318CD3}.Debug|Mixed Platforms.ActiveCfg = Debug|Any CPU
		{73C28FE8-F8A1-440A-8160-57DA7E318CD3}.Debug|Mixed Platforms.Build.0 = Debug|Any CPU
		{73C28FE8-F8A1-440A-8160-57DA7E318CD3}.Debug|Win32.ActiveCfg = Debug|Any CPU
		{73C28FE8-F8A1-440A-8160-57DA7E318CD3}.Debug|Win32.Build.0 = Debug|Any CPU
		{73C28FE8-F8A1-440A-8160-57DA7E318CD3}.Debug|x64.ActiveCfg = Debug|Any CPU
		{73C28FE8-F8A1-440A-8160-57DA7E318CD3}.Debug|x64.Build.0 = Debug|Any CPU
		{73C28FE8-F8A1-440A-8160-57DA7E318CD3}.Release|Any CPU.ActiveCfg = Release|Any CPU
		{73C28FE8-F8A1-440A-8160-57DA7E318CD3}.Release|Any CPU.Build.0 = Release|Any CPU
		{73C28FE8-F8A1-440A-8160-57DA7E318CD3}.Release|Mixed Platforms.ActiveCfg = Release|Any CPU
		{73C28FE8-F8A1-440A-8160-57DA7E318CD3}.Release|Mixed Platforms.Build.0 = Release|Any CPU
		{73C28FE8-F8A1-440A-8160-57DA7E318CD3}.Release|Win32.ActiveCfg = Release|Any CPU
		{73C28FE8-F8A1-440A-8160-57DA7E318CD3}.Release|Win32.Build.0 = Release|Any CPU
		{73C28FE8-F8A1-440A-8160-57DA7E318CD3}.Release|x64.ActiveCfg = Release|Any CPU
		{73C28FE8-F8A1-440A-8160-57DA7E318CD3}.Release|x64.Build.0 = Release|Any CPU
		{F3930F29-C621-41EA-892C-8B5D48C5D2BB}.Debug|Any CPU.ActiveCfg = Debug|Win32
		{F3930F29-C621-41EA-892C-8B5D48C5D2BB}.Debug|Mixed Platforms.ActiveCfg = Debug|Win32
		{F3930F29-C621-41EA-892C-8B5D48C5D2BB}.Debug|Mixed Platforms.Build.0 = Debug|Win32
		{F3930F29-C621-41EA-892C-8B5D48C5D2BB}.Debug|Win32.ActiveCfg = Debug|Win32
		{F3930F29-C621-41EA-892C-8B5D48C5D2BB}.Debug|Win32.Build.0 = Debug|Win32
		{F3930F29-C621-41EA-892C-8B5D48C5D2BB}.Debug|x64.ActiveCfg = Debug|x64
		{F3930F29-C621-41EA-892C-8B5D48C5D2BB}.Debug|x64.Build.0 = Debug|x64
		{F3930F29-C621-41EA-892C-8B5D48C5D2BB}.Release|Any CPU.ActiveCfg = Release|Win32
		{F3930F29-C621-41EA-892C-8B5D48C5D2BB}.Release|Mixed Platforms.ActiveCfg = Release|Win32
		{F3930F29-C621-41EA-892C-8B5D48C5D2BB}.Release|Mixed Platforms.Build.0 = Release|Win32
		{F3930F29-C621-41EA-892C-8B5D48C5D2BB}.Release|Win32.ActiveCfg = Release|Win32
		{F3930F29-C621-41EA-892C-8B5D48C5D2BB}.Release|Win32.Build.0 = Release|Win32
		{F3930F29-C621-41EA-892C-8B5D48C5D2BB}.Release|x64.ActiveCfg = Release|x64
		{F3930F29-C621-41EA-892C-8B5D48C5D2BB}.Release|x64.Build.0 = Release|x64
		{CF92A5AA-E52E-4E60-AC3A-25996E089B08}.Debug|Any CPU.ActiveCfg = Debug|x86
		{CF92A5AA-E52E-4E60-AC3A-25996E089B08}.Debug|Mixed Platforms.ActiveCfg = Debug|x86
		{CF92A5AA-E52E-4E60-AC3A-25996E089B08}.Debug|Mixed Platforms.Build.0 = Debug|x86
		{CF92A5AA-E52E-4E60-AC3A-25996E089B08}.Debug|Win32.ActiveCfg = Debug|x86
		{CF92A5AA-E52E-4E60-AC3A-25996E089B08}.Debug|Win32.Build.0 = Debug|x86
		{CF92A5AA-E52E-4E60-AC3A-25996E089B08}.Debug|x64.ActiveCfg = Debug|x64
		{CF92A5AA-E52E-4E60-AC3A-25996E089B08}.Debug|x64.Build.0 = Debug|x64
		{CF92A5AA-E52E-4E60-AC3A-25996E089B08}.Release|Any CPU.ActiveCfg = Release|x86
		{CF92A5AA-E52E-4E60-AC3A-25996E089B08}.Release|Mixed Platforms.ActiveCfg = Release|x86
		{CF92A5AA-E52E-4E60-AC3A-25996E089B08}.Release|Mixed Platforms.Build.0 = Release|x86
		{CF92A5AA-E52E-4E60-AC3A-25996E089B08}.Release|Win32.ActiveCfg = Release|x86
		{CF92A5AA-E52E-4E60-AC3A-25996E089B08}.Release|Win32.Build.0 = Release|x86
		{CF92A5AA-E52E-4E60-AC3A-25996E089B08}.Release|x64.ActiveCfg = Release|x64
		{CF92A5AA-E52E-4E60-AC3A-25996E089B08}.Release|x64.Build.0 = Release|x64
		{3EEDEF62-4AAD-43BF-B260-28F16A201AE7}.Debug|Any CPU.ActiveCfg = Debug|x86
		{3EEDEF62-4AAD-43BF-B260-28F16A201AE7}.Debug|Mixed Platforms.ActiveCfg = Debug|x86
		{3EEDEF62-4AAD-43BF-B260-28F16A201AE7}.Debug|Mixed Platforms.Build.0 = Debug|x86
		{3EEDEF62-4AAD-43BF-B260-28F16A201AE7}.Debug|Win32.ActiveCfg = Debug|x86
		{3EEDEF62-4AAD-43BF-B260-28F16A201AE7}.Debug|Win32.Build.0 = Debug|x86
		{3EEDEF62-4AAD-43BF-B260-28F16A201AE7}.Debug|x64.ActiveCfg = Debug|x64
		{3EEDEF62-4AAD-43BF-B260-28F16A201AE7}.Debug|x64.Build.0 = Debug|x64
		{3EEDEF62-4AAD-43BF-B260-28F16A201AE7}.Release|Any CPU.ActiveCfg = Release|x86
		{3EEDEF62-4AAD-43BF-B260-28F16A201AE7}.Release|Mixed Platforms.ActiveCfg = Release|x86
		{3EEDEF62-4AAD-43BF-B260-28F16A201AE7}.Release|Mixed Platforms.Build.0 = Release|x86
		{3EEDEF62-4AAD-43BF-B260-28F16A201AE7}.Release|Win32.ActiveCfg = Release|x86
		{3EEDEF62-4AAD-43BF-B260-28F16A201AE7}.Release|Win32.Build.0 = Release|x86
		{3EEDEF62-4AAD-43BF-B260-28F16A201AE7}.Release|x64.ActiveCfg = Release|x64
		{3EEDEF62-4AAD-43BF-B260-28F16A201AE7}.Release|x64.Build.0 = Release|x64
		{740712A4-0B4B-4EEE-BFE8-A2E74F9C1CC7}.Debug|Any CPU.ActiveCfg = Debug|Any CPU
		{740712A4-0B4B-4EEE-BFE8-A2E74F9C1CC7}.Debug|Any CPU.Build.0 = Debug|Any CPU
		{740712A4-0B4B-4EEE-BFE8-A2E74F9C1CC7}.Debug|Mixed Platforms.ActiveCfg = Debug|Any CPU
		{740712A4-0B4B-4EEE-BFE8-A2E74F9C1CC7}.Debug|Mixed Platforms.Build.0 = Debug|Any CPU
		{740712A4-0B4B-4EEE-BFE8-A2E74F9C1CC7}.Debug|Win32.ActiveCfg = Debug|Any CPU
		{740712A4-0B4B-4EEE-BFE8-A2E74F9C1CC7}.Debug|Win32.Build.0 = Debug|Any CPU
		{740712A4-0B4B-4EEE-BFE8-A2E74F9C1CC7}.Debug|x64.ActiveCfg = Debug|Any CPU
		{740712A4-0B4B-4EEE-BFE8-A2E74F9C1CC7}.Debug|x64.Build.0 = Debug|Any CPU
		{740712A4-0B4B-4EEE-BFE8-A2E74F9C1CC7}.Release|Any CPU.ActiveCfg = Release|Any CPU
		{740712A4-0B4B-4EEE-BFE8-A2E74F9C1CC7}.Release|Any CPU.Build.0 = Release|Any CPU
		{740712A4-0B4B-4EEE-BFE8-A2E74F9C1CC7}.Release|Mixed Platforms.ActiveCfg = Release|Any CPU
		{740712A4-0B4B-4EEE-BFE8-A2E74F9C1CC7}.Release|Mixed Platforms.Build.0 = Release|Any CPU
		{740712A4-0B4B-4EEE-BFE8-A2E74F9C1CC7}.Release|Win32.ActiveCfg = Release|Any CPU
		{740712A4-0B4B-4EEE-BFE8-A2E74F9C1CC7}.Release|Win32.Build.0 = Release|Any CPU
		{740712A4-0B4B-4EEE-BFE8-A2E74F9C1CC7}.Release|x64.ActiveCfg = Release|Any CPU
		{740712A4-0B4B-4EEE-BFE8-A2E74F9C1CC7}.Release|x64.Build.0 = Release|Any CPU
		{3AA4E4E3-9A41-43EF-868B-7830E848FD2C}.Debug|Any CPU.ActiveCfg = Debug|Any CPU
		{3AA4E4E3-9A41-43EF-868B-7830E848FD2C}.Debug|Any CPU.Build.0 = Debug|Any CPU
		{3AA4E4E3-9A41-43EF-868B-7830E848FD2C}.Debug|Mixed Platforms.ActiveCfg = Debug|Any CPU
		{3AA4E4E3-9A41-43EF-868B-7830E848FD2C}.Debug|Mixed Platforms.Build.0 = Debug|Any CPU
		{3AA4E4E3-9A41-43EF-868B-7830E848FD2C}.Debug|Win32.ActiveCfg = Debug|Any CPU
		{3AA4E4E3-9A41-43EF-868B-7830E848FD2C}.Debug|Win32.Build.0 = Debug|Any CPU
		{3AA4E4E3-9A41-43EF-868B-7830E848FD2C}.Debug|x64.ActiveCfg = Debug|Any CPU
		{3AA4E4E3-9A41-43EF-868B-7830E848FD2C}.Debug|x64.Build.0 = Debug|Any CPU
		{3AA4E4E3-9A41-43EF-868B-7830E848FD2C}.Release|Any CPU.ActiveCfg = Release|Any CPU
		{3AA4E4E3-9A41-43EF-868B-7830E848FD2C}.Release|Any CPU.Build.0 = Release|Any CPU
		{3AA4E4E3-9A41-43EF-868B-7830E848FD2C}.Release|Mixed Platforms.ActiveCfg = Release|Any CPU
		{3AA4E4E3-9A41-43EF-868B-7830E848FD2C}.Release|Mixed Platforms.Build.0 = Release|Any CPU
		{3AA4E4E3-9A41-43EF-868B-7830E848FD2C}.Release|Win32.ActiveCfg = Release|Any CPU
		{3AA4E4E3-9A41-43EF-868B-7830E848FD2C}.Release|Win32.Build.0 = Release|Any CPU
		{3AA4E4E3-9A41-43EF-868B-7830E848FD2C}.Release|x64.ActiveCfg = Release|Any CPU
		{3AA4E4E3-9A41-43EF-868B-7830E848FD2C}.Release|x64.Build.0 = Release|Any CPU
		{8B2601FE-BE04-4EC9-B703-48C106200470}.Debug|Any CPU.ActiveCfg = Debug|Win32
		{8B2601FE-BE04-4EC9-B703-48C106200470}.Debug|Mixed Platforms.ActiveCfg = Debug|Win32
		{8B2601FE-BE04-4EC9-B703-48C106200470}.Debug|Mixed Platforms.Build.0 = Debug|Win32
		{8B2601FE-BE04-4EC9-B703-48C106200470}.Debug|Win32.ActiveCfg = Debug|Win32
		{8B2601FE-BE04-4EC9-B703-48C106200470}.Debug|Win32.Build.0 = Debug|Win32
		{8B2601FE-BE04-4EC9-B703-48C106200470}.Debug|x64.ActiveCfg = Debug|x64
		{8B2601FE-BE04-4EC9-B703-48C106200470}.Debug|x64.Build.0 = Debug|x64
		{8B2601FE-BE04-4EC9-B703-48C106200470}.Release|Any CPU.ActiveCfg = Release|Win32
		{8B2601FE-BE04-4EC9-B703-48C106200470}.Release|Mixed Platforms.ActiveCfg = Release|Win32
		{8B2601FE-BE04-4EC9-B703-48C106200470}.Release|Mixed Platforms.Build.0 = Release|Win32
		{8B2601FE-BE04-4EC9-B703-48C106200470}.Release|Win32.ActiveCfg = Release|Win32
		{8B2601FE-BE04-4EC9-B703-48C106200470}.Release|Win32.Build.0 = Release|Win32
		{8B2601FE-BE04-4EC9-B703-48C106200470}.Release|x64.ActiveCfg = Release|x64
		{8B2601FE-BE04-4EC9-B703-48C106200470}.Release|x64.Build.0 = Release|x64
		{77B40DFE-E113-43EC-8059-099246687405}.Debug|Any CPU.ActiveCfg = Debug|Win32
		{77B40DFE-E113-43EC-8059-099246687405}.Debug|Mixed Platforms.ActiveCfg = Debug|Win32
		{77B40DFE-E113-43EC-8059-099246687405}.Debug|Mixed Platforms.Build.0 = Debug|Win32
		{77B40DFE-E113-43EC-8059-099246687405}.Debug|Win32.ActiveCfg = Debug|Win32
		{77B40DFE-E113-43EC-8059-099246687405}.Debug|Win32.Build.0 = Debug|Win32
		{77B40DFE-E113-43EC-8059-099246687405}.Debug|x64.ActiveCfg = Debug|x64
		{77B40DFE-E113-43EC-8059-099246687405}.Debug|x64.Build.0 = Debug|x64
		{77B40DFE-E113-43EC-8059-099246687405}.Release|Any CPU.ActiveCfg = Release|Win32
		{77B40DFE-E113-43EC-8059-099246687405}.Release|Mixed Platforms.ActiveCfg = Release|Win32
		{77B40DFE-E113-43EC-8059-099246687405}.Release|Mixed Platforms.Build.0 = Release|Win32
		{77B40DFE-E113-43EC-8059-099246687405}.Release|Win32.ActiveCfg = Release|Win32
		{77B40DFE-E113-43EC-8059-099246687405}.Release|Win32.Build.0 = Release|Win32
		{77B40DFE-E113-43EC-8059-099246687405}.Release|x64.ActiveCfg = Release|x64
		{77B40DFE-E113-43EC-8059-099246687405}.Release|x64.Build.0 = Release|x64
		{6247D689-9B0F-4FCB-817D-2258739B5AAE}.Debug|Any CPU.ActiveCfg = Debug|Win32
		{6247D689-9B0F-4FCB-817D-2258739B5AAE}.Debug|Mixed Platforms.ActiveCfg = Debug|Win32
		{6247D689-9B0F-4FCB-817D-2258739B5AAE}.Debug|Mixed Platforms.Build.0 = Debug|Win32
		{6247D689-9B0F-4FCB-817D-2258739B5AAE}.Debug|Win32.ActiveCfg = Debug|Win32
		{6247D689-9B0F-4FCB-817D-2258739B5AAE}.Debug|Win32.Build.0 = Debug|Win32
		{6247D689-9B0F-4FCB-817D-2258739B5AAE}.Debug|x64.ActiveCfg = Debug|x64
		{6247D689-9B0F-4FCB-817D-2258739B5AAE}.Debug|x64.Build.0 = Debug|x64
		{6247D689-9B0F-4FCB-817D-2258739B5AAE}.Release|Any CPU.ActiveCfg = Release|Win32
		{6247D689-9B0F-4FCB-817D-2258739B5AAE}.Release|Mixed Platforms.ActiveCfg = Release|Win32
		{6247D689-9B0F-4FCB-817D-2258739B5AAE}.Release|Mixed Platforms.Build.0 = Release|Win32
		{6247D689-9B0F-4FCB-817D-2258739B5AAE}.Release|Win32.ActiveCfg = Release|Win32
		{6247D689-9B0F-4FCB-817D-2258739B5AAE}.Release|Win32.Build.0 = Release|Win32
		{6247D689-9B0F-4FCB-817D-2258739B5AAE}.Release|x64.ActiveCfg = Release|x64
		{6247D689-9B0F-4FCB-817D-2258739B5AAE}.Release|x64.Build.0 = Release|x64
		{CD45229C-C675-473F-8AA1-2F8A782D754B}.Debug|Any CPU.ActiveCfg = Debug|Win32
		{CD45229C-C675-473F-8AA1-2F8A782D754B}.Debug|Mixed Platforms.ActiveCfg = Debug|Win32
		{CD45229C-C675-473F-8AA1-2F8A782D754B}.Debug|Mixed Platforms.Build.0 = Debug|Win32
		{CD45229C-C675-473F-8AA1-2F8A782D754B}.Debug|Win32.ActiveCfg = Debug|Win32
		{CD45229C-C675-473F-8AA1-2F8A782D754B}.Debug|Win32.Build.0 = Debug|Win32
		{CD45229C-C675-473F-8AA1-2F8A782D754B}.Debug|x64.ActiveCfg = Debug|x64
		{CD45229C-C675-473F-8AA1-2F8A782D754B}.Debug|x64.Build.0 = Debug|x64
		{CD45229C-C675-473F-8AA1-2F8A782D754B}.Release|Any CPU.ActiveCfg = Release|Win32
		{CD45229C-C675-473F-8AA1-2F8A782D754B}.Release|Mixed Platforms.ActiveCfg = Release|Win32
		{CD45229C-C675-473F-8AA1-2F8A782D754B}.Release|Mixed Platforms.Build.0 = Release|Win32
		{CD45229C-C675-473F-8AA1-2F8A782D754B}.Release|Win32.ActiveCfg = Release|Win32
		{CD45229C-C675-473F-8AA1-2F8A782D754B}.Release|Win32.Build.0 = Release|Win32
		{CD45229C-C675-473F-8AA1-2F8A782D754B}.Release|x64.ActiveCfg = Release|x64
		{CD45229C-C675-473F-8AA1-2F8A782D754B}.Release|x64.Build.0 = Release|x64
		{E2D534DE-F3E6-44A3-B7D9-EEAD49C56A2C}.Debug|Any CPU.ActiveCfg = Debug|Win32
		{E2D534DE-F3E6-44A3-B7D9-EEAD49C56A2C}.Debug|Mixed Platforms.ActiveCfg = Debug|Win32
		{E2D534DE-F3E6-44A3-B7D9-EEAD49C56A2C}.Debug|Mixed Platforms.Build.0 = Debug|Win32
		{E2D534DE-F3E6-44A3-B7D9-EEAD49C56A2C}.Debug|Win32.ActiveCfg = Debug|Win32
		{E2D534DE-F3E6-44A3-B7D9-EEAD49C56A2C}.Debug|Win32.Build.0 = Debug|Win32
		{E2D534DE-F3E6-44A3-B7D9-EEAD49C56A2C}.Debug|x64.ActiveCfg = Debug|x64
		{E2D534DE-F3E6-44A3-B7D9-EEAD49C56A2C}.Debug|x64.Build.0 = Debug|x64
		{E2D534DE-F3E6-44A3-B7D9-EEAD49C56A2C}.Release|Any CPU.ActiveCfg = Release|Win32
		{E2D534DE-F3E6-44A3-B7D9-EEAD49C56A2C}.Release|Mixed Platforms.ActiveCfg = Release|Win32
		{E2D534DE-F3E6-44A3-B7D9-EEAD49C56A2C}.Release|Mixed Platforms.Build.0 = Release|Win32
		{E2D534DE-F3E6-44A3-B7D9-EEAD49C56A2C}.Release|Win32.ActiveCfg = Release|Win32
		{E2D534DE-F3E6-44A3-B7D9-EEAD49C56A2C}.Release|Win32.Build.0 = Release|Win32
		{E2D534DE-F3E6-44A3-B7D9-EEAD49C56A2C}.Release|x64.ActiveCfg = Release|x64
		{E2D534DE-F3E6-44A3-B7D9-EEAD49C56A2C}.Release|x64.Build.0 = Release|x64
		{562212BD-4D30-461A-9452-88E372527BE2}.Debug|Any CPU.ActiveCfg = Debug|Win32
		{562212BD-4D30-461A-9452-88E372527BE2}.Debug|Mixed Platforms.ActiveCfg = Debug|Win32
		{562212BD-4D30-461A-9452-88E372527BE2}.Debug|Mixed Platforms.Build.0 = Debug|Win32
		{562212BD-4D30-461A-9452-88E372527BE2}.Debug|Win32.ActiveCfg = Debug|Win32
		{562212BD-4D30-461A-9452-88E372527BE2}.Debug|Win32.Build.0 = Debug|Win32
		{562212BD-4D30-461A-9452-88E372527BE2}.Debug|x64.ActiveCfg = Debug|x64
		{562212BD-4D30-461A-9452-88E372527BE2}.Debug|x64.Build.0 = Debug|x64
		{562212BD-4D30-461A-9452-88E372527BE2}.Release|Any CPU.ActiveCfg = Release|Win32
		{562212BD-4D30-461A-9452-88E372527BE2}.Release|Mixed Platforms.ActiveCfg = Release|Win32
		{562212BD-4D30-461A-9452-88E372527BE2}.Release|Mixed Platforms.Build.0 = Release|Win32
		{562212BD-4D30-461A-9452-88E372527BE2}.Release|Win32.ActiveCfg = Release|Win32
		{562212BD-4D30-461A-9452-88E372527BE2}.Release|Win32.Build.0 = Release|Win32
		{562212BD-4D30-461A-9452-88E372527BE2}.Release|x64.ActiveCfg = Release|x64
		{562212BD-4D30-461A-9452-88E372527BE2}.Release|x64.Build.0 = Release|x64
		{8CC73BD6-B85E-4C1C-A020-DCEB0DF69EEE}.Debug|Any CPU.ActiveCfg = Debug|Win32
		{8CC73BD6-B85E-4C1C-A020-DCEB0DF69EEE}.Debug|Mixed Platforms.ActiveCfg = Debug|Win32
		{8CC73BD6-B85E-4C1C-A020-DCEB0DF69EEE}.Debug|Mixed Platforms.Build.0 = Debug|Win32
		{8CC73BD6-B85E-4C1C-A020-DCEB0DF69EEE}.Debug|Win32.ActiveCfg = Debug|Win32
		{8CC73BD6-B85E-4C1C-A020-DCEB0DF69EEE}.Debug|Win32.Build.0 = Debug|Win32
		{8CC73BD6-B85E-4C1C-A020-DCEB0DF69EEE}.Debug|x64.ActiveCfg = Debug|x64
		{8CC73BD6-B85E-4C1C-A020-DCEB0DF69EEE}.Debug|x64.Build.0 = Debug|x64
		{8CC73BD6-B85E-4C1C-A020-DCEB0DF69EEE}.Release|Any CPU.ActiveCfg = Release|Win32
		{8CC73BD6-B85E-4C1C-A020-DCEB0DF69EEE}.Release|Mixed Platforms.ActiveCfg = Release|Win32
		{8CC73BD6-B85E-4C1C-A020-DCEB0DF69EEE}.Release|Mixed Platforms.Build.0 = Release|Win32
		{8CC73BD6-B85E-4C1C-A020-DCEB0DF69EEE}.Release|Win32.ActiveCfg = Release|Win32
		{8CC73BD6-B85E-4C1C-A020-DCEB0DF69EEE}.Release|Win32.Build.0 = Release|Win32
		{8CC73BD6-B85E-4C1C-A020-DCEB0DF69EEE}.Release|x64.ActiveCfg = Release|x64
		{8CC73BD6-B85E-4C1C-A020-DCEB0DF69EEE}.Release|x64.Build.0 = Release|x64
		{27023E90-F9FA-4224-B6C3-7B3340871F5E}.Debug|Any CPU.ActiveCfg = Debug|Win32
		{27023E90-F9FA-4224-B6C3-7B3340871F5E}.Debug|Mixed Platforms.ActiveCfg = Debug|Win32
		{27023E90-F9FA-4224-B6C3-7B3340871F5E}.Debug|Mixed Platforms.Build.0 = Debug|Win32
		{27023E90-F9FA-4224-B6C3-7B3340871F5E}.Debug|Win32.ActiveCfg = Debug|Win32
		{27023E90-F9FA-4224-B6C3-7B3340871F5E}.Debug|Win32.Build.0 = Debug|Win32
		{27023E90-F9FA-4224-B6C3-7B3340871F5E}.Debug|x64.ActiveCfg = Debug|x64
		{27023E90-F9FA-4224-B6C3-7B3340871F5E}.Debug|x64.Build.0 = Debug|x64
		{27023E90-F9FA-4224-B6C3-7B3340871F5E}.Release|Any CPU.ActiveCfg = Release|Win32
		{27023E90-F9FA-4224-B6C3-7B3340871F5E}.Release|Mixed Platforms.ActiveCfg = Release|Win32
		{27023E90-F9FA-4224-B6C3-7B3340871F5E}.Release|Mixed Platforms.Build.0 = Release|Win32
		{27023E90-F9FA-4224-B6C3-7B3340871F5E}.Release|Win32.ActiveCfg = Release|Win32
		{27023E90-F9FA-4224-B6C3-7B3340871F5E}.Release|Win32.Build.0 = Release|Win32
		{27023E90-F9FA-4224-B6C3-7B3340871F5E}.Release|x64.ActiveCfg = Release|x64
		{27023E90-F9FA-4224-B6C3-7B3340871F5E}.Release|x64.Build.0 = Release|x64
		{C379E036-BF17-4798-80B8-7C0EFA60B079}.Debug|Any CPU.ActiveCfg = Debug|Win32
		{C379E036-BF17-4798-80B8-7C0EFA60B079}.Debug|Mixed Platforms.ActiveCfg = Debug|Win32
		{C379E036-BF17-4798-80B8-7C0EFA60B079}.Debug|Mixed Platforms.Build.0 = Debug|Win32
		{C379E036-BF17-4798-80B8-7C0EFA60B079}.Debug|Win32.ActiveCfg = Debug|Win32
		{C379E036-BF17-4798-80B8-7C0EFA60B079}.Debug|Win32.Build.0 = Debug|Win32
		{C379E036-BF17-4798-80B8-7C0EFA60B079}.Debug|x64.ActiveCfg = Debug|x64
		{C379E036-BF17-4798-80B8-7C0EFA60B079}.Debug|x64.Build.0 = Debug|x64
		{C379E036-BF17-4798-80B8-7C0EFA60B079}.Release|Any CPU.ActiveCfg = Release|Win32
		{C379E036-BF17-4798-80B8-7C0EFA60B079}.Release|Mixed Platforms.ActiveCfg = Release|Win32
		{C379E036-BF17-4798-80B8-7C0EFA60B079}.Release|Mixed Platforms.Build.0 = Release|Win32
		{C379E036-BF17-4798-80B8-7C0EFA60B079}.Release|Win32.ActiveCfg = Release|Win32
		{C379E036-BF17-4798-80B8-7C0EFA60B079}.Release|Win32.Build.0 = Release|Win32
		{C379E036-BF17-4798-80B8-7C0EFA60B079}.Release|x64.ActiveCfg = Release|x64
		{C379E036-BF17-4798-80B8-7C0EFA60B079}.Release|x64.Build.0 = Release|x64
		{CE53747F-D2E6-4E1E-9EF4-A0AE02671B1D}.Debug|Any CPU.ActiveCfg = Debug|Any CPU
		{CE53747F-D2E6-4E1E-9EF4-A0AE02671B1D}.Debug|Any CPU.Build.0 = Debug|Any CPU
		{CE53747F-D2E6-4E1E-9EF4-A0AE02671B1D}.Debug|Mixed Platforms.ActiveCfg = Debug|Any CPU
		{CE53747F-D2E6-4E1E-9EF4-A0AE02671B1D}.Debug|Mixed Platforms.Build.0 = Debug|Any CPU
		{CE53747F-D2E6-4E1E-9EF4-A0AE02671B1D}.Debug|Win32.ActiveCfg = Debug|Any CPU
		{CE53747F-D2E6-4E1E-9EF4-A0AE02671B1D}.Debug|Win32.Build.0 = Debug|Any CPU
		{CE53747F-D2E6-4E1E-9EF4-A0AE02671B1D}.Debug|x64.ActiveCfg = Debug|Any CPU
		{CE53747F-D2E6-4E1E-9EF4-A0AE02671B1D}.Debug|x64.Build.0 = Debug|Any CPU
		{CE53747F-D2E6-4E1E-9EF4-A0AE02671B1D}.Release|Any CPU.ActiveCfg = Release|Any CPU
		{CE53747F-D2E6-4E1E-9EF4-A0AE02671B1D}.Release|Any CPU.Build.0 = Release|Any CPU
		{CE53747F-D2E6-4E1E-9EF4-A0AE02671B1D}.Release|Mixed Platforms.ActiveCfg = Release|Any CPU
		{CE53747F-D2E6-4E1E-9EF4-A0AE02671B1D}.Release|Mixed Platforms.Build.0 = Release|Any CPU
		{CE53747F-D2E6-4E1E-9EF4-A0AE02671B1D}.Release|Win32.ActiveCfg = Release|Any CPU
		{CE53747F-D2E6-4E1E-9EF4-A0AE02671B1D}.Release|Win32.Build.0 = Release|Any CPU
		{CE53747F-D2E6-4E1E-9EF4-A0AE02671B1D}.Release|x64.ActiveCfg = Release|Any CPU
		{CE53747F-D2E6-4E1E-9EF4-A0AE02671B1D}.Release|x64.Build.0 = Release|Any CPU
		{0E7413FF-EB9E-4714-ACF2-BE3A6A7B2FFD}.Debug|Any CPU.ActiveCfg = Debug|Any CPU
		{0E7413FF-EB9E-4714-ACF2-BE3A6A7B2FFD}.Debug|Any CPU.Build.0 = Debug|Any CPU
		{0E7413FF-EB9E-4714-ACF2-BE3A6A7B2FFD}.Debug|Mixed Platforms.ActiveCfg = Debug|Any CPU
		{0E7413FF-EB9E-4714-ACF2-BE3A6A7B2FFD}.Debug|Mixed Platforms.Build.0 = Debug|Any CPU
		{0E7413FF-EB9E-4714-ACF2-BE3A6A7B2FFD}.Debug|Win32.ActiveCfg = Debug|Any CPU
		{0E7413FF-EB9E-4714-ACF2-BE3A6A7B2FFD}.Debug|Win32.Build.0 = Debug|Any CPU
		{0E7413FF-EB9E-4714-ACF2-BE3A6A7B2FFD}.Debug|x64.ActiveCfg = Debug|Any CPU
		{0E7413FF-EB9E-4714-ACF2-BE3A6A7B2FFD}.Debug|x64.Build.0 = Debug|Any CPU
		{0E7413FF-EB9E-4714-ACF2-BE3A6A7B2FFD}.Release|Any CPU.ActiveCfg = Release|Any CPU
		{0E7413FF-EB9E-4714-ACF2-BE3A6A7B2FFD}.Release|Any CPU.Build.0 = Release|Any CPU
		{0E7413FF-EB9E-4714-ACF2-BE3A6A7B2FFD}.Release|Mixed Platforms.ActiveCfg = Release|Any CPU
		{0E7413FF-EB9E-4714-ACF2-BE3A6A7B2FFD}.Release|Mixed Platforms.Build.0 = Release|Any CPU
		{0E7413FF-EB9E-4714-ACF2-BE3A6A7B2FFD}.Release|Win32.ActiveCfg = Release|Any CPU
		{0E7413FF-EB9E-4714-ACF2-BE3A6A7B2FFD}.Release|Win32.Build.0 = Release|Any CPU
		{0E7413FF-EB9E-4714-ACF2-BE3A6A7B2FFD}.Release|x64.ActiveCfg = Release|Any CPU
		{0E7413FF-EB9E-4714-ACF2-BE3A6A7B2FFD}.Release|x64.Build.0 = Release|Any CPU
		{41260955-25DE-4D86-B54F-282735B1289D}.Debug|Any CPU.ActiveCfg = Debug|Win32
		{41260955-25DE-4D86-B54F-282735B1289D}.Debug|Mixed Platforms.ActiveCfg = Debug|Win32
		{41260955-25DE-4D86-B54F-282735B1289D}.Debug|Mixed Platforms.Build.0 = Debug|Win32
		{41260955-25DE-4D86-B54F-282735B1289D}.Debug|Win32.ActiveCfg = Debug|Win32
		{41260955-25DE-4D86-B54F-282735B1289D}.Debug|Win32.Build.0 = Debug|Win32
		{41260955-25DE-4D86-B54F-282735B1289D}.Debug|x64.ActiveCfg = Debug|x64
		{41260955-25DE-4D86-B54F-282735B1289D}.Debug|x64.Build.0 = Debug|x64
		{41260955-25DE-4D86-B54F-282735B1289D}.Release|Any CPU.ActiveCfg = Release|Win32
		{41260955-25DE-4D86-B54F-282735B1289D}.Release|Mixed Platforms.ActiveCfg = Release|Win32
		{41260955-25DE-4D86-B54F-282735B1289D}.Release|Mixed Platforms.Build.0 = Release|Win32
		{41260955-25DE-4D86-B54F-282735B1289D}.Release|Win32.ActiveCfg = Release|Win32
		{41260955-25DE-4D86-B54F-282735B1289D}.Release|Win32.Build.0 = Release|Win32
		{41260955-25DE-4D86-B54F-282735B1289D}.Release|x64.ActiveCfg = Release|x64
		{41260955-25DE-4D86-B54F-282735B1289D}.Release|x64.Build.0 = Release|x64
		{15CBFEFF-7965-41F5-B4E2-21E8795C9159}.Debug|Any CPU.ActiveCfg = Debug|Win32
		{15CBFEFF-7965-41F5-B4E2-21E8795C9159}.Debug|Mixed Platforms.ActiveCfg = Debug|Win32
		{15CBFEFF-7965-41F5-B4E2-21E8795C9159}.Debug|Mixed Platforms.Build.0 = Debug|Win32
		{15CBFEFF-7965-41F5-B4E2-21E8795C9159}.Debug|Win32.ActiveCfg = Debug|Win32
		{15CBFEFF-7965-41F5-B4E2-21E8795C9159}.Debug|Win32.Build.0 = Debug|Win32
		{15CBFEFF-7965-41F5-B4E2-21E8795C9159}.Debug|x64.ActiveCfg = Debug|x64
		{15CBFEFF-7965-41F5-B4E2-21E8795C9159}.Debug|x64.Build.0 = Debug|x64
		{15CBFEFF-7965-41F5-B4E2-21E8795C9159}.Release|Any CPU.ActiveCfg = Release|Win32
		{15CBFEFF-7965-41F5-B4E2-21E8795C9159}.Release|Mixed Platforms.ActiveCfg = Release|Win32
		{15CBFEFF-7965-41F5-B4E2-21E8795C9159}.Release|Mixed Platforms.Build.0 = Release|Win32
		{15CBFEFF-7965-41F5-B4E2-21E8795C9159}.Release|Win32.ActiveCfg = Release|Win32
		{15CBFEFF-7965-41F5-B4E2-21E8795C9159}.Release|Win32.Build.0 = Release|Win32
		{15CBFEFF-7965-41F5-B4E2-21E8795C9159}.Release|x64.ActiveCfg = Release|x64
		{15CBFEFF-7965-41F5-B4E2-21E8795C9159}.Release|x64.Build.0 = Release|x64
		{3A214E06-B95E-4D61-A291-1F8DF2EC10FD}.Debug|Any CPU.ActiveCfg = Debug|Win32
		{3A214E06-B95E-4D61-A291-1F8DF2EC10FD}.Debug|Mixed Platforms.ActiveCfg = Debug|Win32
		{3A214E06-B95E-4D61-A291-1F8DF2EC10FD}.Debug|Mixed Platforms.Build.0 = Debug|Win32
		{3A214E06-B95E-4D61-A291-1F8DF2EC10FD}.Debug|Win32.ActiveCfg = Debug|Win32
		{3A214E06-B95E-4D61-A291-1F8DF2EC10FD}.Debug|Win32.Build.0 = Debug|Win32
		{3A214E06-B95E-4D61-A291-1F8DF2EC10FD}.Debug|x64.ActiveCfg = Debug|x64
		{3A214E06-B95E-4D61-A291-1F8DF2EC10FD}.Debug|x64.Build.0 = Debug|x64
		{3A214E06-B95E-4D61-A291-1F8DF2EC10FD}.Release|Any CPU.ActiveCfg = Release|Win32
		{3A214E06-B95E-4D61-A291-1F8DF2EC10FD}.Release|Mixed Platforms.ActiveCfg = Release|Win32
		{3A214E06-B95E-4D61-A291-1F8DF2EC10FD}.Release|Mixed Platforms.Build.0 = Release|Win32
		{3A214E06-B95E-4D61-A291-1F8DF2EC10FD}.Release|Win32.ActiveCfg = Release|Win32
		{3A214E06-B95E-4D61-A291-1F8DF2EC10FD}.Release|Win32.Build.0 = Release|Win32
		{3A214E06-B95E-4D61-A291-1F8DF2EC10FD}.Release|x64.ActiveCfg = Release|x64
		{3A214E06-B95E-4D61-A291-1F8DF2EC10FD}.Release|x64.Build.0 = Release|x64
		{CEBDE98B-A6AA-46E6-BC79-FAAF823DB9EC}.Debug|Any CPU.ActiveCfg = Debug|Win32
		{CEBDE98B-A6AA-46E6-BC79-FAAF823DB9EC}.Debug|Mixed Platforms.ActiveCfg = Debug|Win32
		{CEBDE98B-A6AA-46E6-BC79-FAAF823DB9EC}.Debug|Mixed Platforms.Build.0 = Debug|Win32
		{CEBDE98B-A6AA-46E6-BC79-FAAF823DB9EC}.Debug|Win32.ActiveCfg = Debug|Win32
		{CEBDE98B-A6AA-46E6-BC79-FAAF823DB9EC}.Debug|Win32.Build.0 = Debug|Win32
		{CEBDE98B-A6AA-46E6-BC79-FAAF823DB9EC}.Debug|x64.ActiveCfg = Debug|x64
		{CEBDE98B-A6AA-46E6-BC79-FAAF823DB9EC}.Debug|x64.Build.0 = Debug|x64
		{CEBDE98B-A6AA-46E6-BC79-FAAF823DB9EC}.Release|Any CPU.ActiveCfg = Release|Win32
		{CEBDE98B-A6AA-46E6-BC79-FAAF823DB9EC}.Release|Mixed Platforms.ActiveCfg = Release|Win32
		{CEBDE98B-A6AA-46E6-BC79-FAAF823DB9EC}.Release|Mixed Platforms.Build.0 = Release|Win32
		{CEBDE98B-A6AA-46E6-BC79-FAAF823DB9EC}.Release|Win32.ActiveCfg = Release|Win32
		{CEBDE98B-A6AA-46E6-BC79-FAAF823DB9EC}.Release|Win32.Build.0 = Release|Win32
		{CEBDE98B-A6AA-46E6-BC79-FAAF823DB9EC}.Release|x64.ActiveCfg = Release|x64
		{CEBDE98B-A6AA-46E6-BC79-FAAF823DB9EC}.Release|x64.Build.0 = Release|x64
		{F3E5680F-0EEF-4CF2-834F-0968E25CA647}.Debug|Any CPU.ActiveCfg = Debug|Win32
		{F3E5680F-0EEF-4CF2-834F-0968E25CA647}.Debug|Mixed Platforms.ActiveCfg = Debug|Win32
		{F3E5680F-0EEF-4CF2-834F-0968E25CA647}.Debug|Mixed Platforms.Build.0 = Debug|Win32
		{F3E5680F-0EEF-4CF2-834F-0968E25CA647}.Debug|Win32.ActiveCfg = Debug|Win32
		{F3E5680F-0EEF-4CF2-834F-0968E25CA647}.Debug|Win32.Build.0 = Debug|Win32
		{F3E5680F-0EEF-4CF2-834F-0968E25CA647}.Debug|x64.ActiveCfg = Debug|x64
		{F3E5680F-0EEF-4CF2-834F-0968E25CA647}.Debug|x64.Build.0 = Debug|x64
		{F3E5680F-0EEF-4CF2-834F-0968E25CA647}.Release|Any CPU.ActiveCfg = Release|Win32
		{F3E5680F-0EEF-4CF2-834F-0968E25CA647}.Release|Mixed Platforms.ActiveCfg = Release|Win32
		{F3E5680F-0EEF-4CF2-834F-0968E25CA647}.Release|Mixed Platforms.Build.0 = Release|Win32
		{F3E5680F-0EEF-4CF2-834F-0968E25CA647}.Release|Win32.ActiveCfg = Release|Win32
		{F3E5680F-0EEF-4CF2-834F-0968E25CA647}.Release|Win32.Build.0 = Release|Win32
		{F3E5680F-0EEF-4CF2-834F-0968E25CA647}.Release|x64.ActiveCfg = Release|x64
		{F3E5680F-0EEF-4CF2-834F-0968E25CA647}.Release|x64.Build.0 = Release|x64
		{A9AE40FF-1A21-414A-9FE7-3BE13644CC6D}.Debug|Any CPU.ActiveCfg = Debug|Any CPU
		{A9AE40FF-1A21-414A-9FE7-3BE13644CC6D}.Debug|Any CPU.Build.0 = Debug|Any CPU
		{A9AE40FF-1A21-414A-9FE7-3BE13644CC6D}.Debug|Mixed Platforms.ActiveCfg = Debug|Any CPU
		{A9AE40FF-1A21-414A-9FE7-3BE13644CC6D}.Debug|Mixed Platforms.Build.0 = Debug|Any CPU
		{A9AE40FF-1A21-414A-9FE7-3BE13644CC6D}.Debug|Win32.ActiveCfg = Debug|Any CPU
		{A9AE40FF-1A21-414A-9FE7-3BE13644CC6D}.Debug|Win32.Build.0 = Debug|Any CPU
		{A9AE40FF-1A21-414A-9FE7-3BE13644CC6D}.Debug|x64.ActiveCfg = Debug|Any CPU
		{A9AE40FF-1A21-414A-9FE7-3BE13644CC6D}.Debug|x64.Build.0 = Debug|Any CPU
		{A9AE40FF-1A21-414A-9FE7-3BE13644CC6D}.Release|Any CPU.ActiveCfg = Release|Any CPU
		{A9AE40FF-1A21-414A-9FE7-3BE13644CC6D}.Release|Any CPU.Build.0 = Release|Any CPU
		{A9AE40FF-1A21-414A-9FE7-3BE13644CC6D}.Release|Mixed Platforms.ActiveCfg = Release|Any CPU
		{A9AE40FF-1A21-414A-9FE7-3BE13644CC6D}.Release|Mixed Platforms.Build.0 = Release|Any CPU
		{A9AE40FF-1A21-414A-9FE7-3BE13644CC6D}.Release|Win32.ActiveCfg = Release|Any CPU
		{A9AE40FF-1A21-414A-9FE7-3BE13644CC6D}.Release|Win32.Build.0 = Release|Any CPU
		{A9AE40FF-1A21-414A-9FE7-3BE13644CC6D}.Release|x64.ActiveCfg = Release|Any CPU
		{A9AE40FF-1A21-414A-9FE7-3BE13644CC6D}.Release|x64.Build.0 = Release|Any CPU
		{EFF8C713-14FB-4121-AE2E-A2BE2A614901}.Debug|Any CPU.ActiveCfg = Debug|Win32
		{EFF8C713-14FB-4121-AE2E-A2BE2A614901}.Debug|Mixed Platforms.ActiveCfg = Debug|Win32
		{EFF8C713-14FB-4121-AE2E-A2BE2A614901}.Debug|Mixed Platforms.Build.0 = Debug|Win32
		{EFF8C713-14FB-4121-AE2E-A2BE2A614901}.Debug|Win32.ActiveCfg = Debug|Win32
		{EFF8C713-14FB-4121-AE2E-A2BE2A614901}.Debug|Win32.Build.0 = Debug|Win32
		{EFF8C713-14FB-4121-AE2E-A2BE2A614901}.Debug|x64.ActiveCfg = Debug|x64
		{EFF8C713-14FB-4121-AE2E-A2BE2A614901}.Debug|x64.Build.0 = Debug|x64
		{EFF8C713-14FB-4121-AE2E-A2BE2A614901}.Release|Any CPU.ActiveCfg = Release|Win32
		{EFF8C713-14FB-4121-AE2E-A2BE2A614901}.Release|Mixed Platforms.ActiveCfg = Release|Win32
		{EFF8C713-14FB-4121-AE2E-A2BE2A614901}.Release|Mixed Platforms.Build.0 = Release|Win32
		{EFF8C713-14FB-4121-AE2E-A2BE2A614901}.Release|Win32.ActiveCfg = Release|Win32
		{EFF8C713-14FB-4121-AE2E-A2BE2A614901}.Release|Win32.Build.0 = Release|Win32
		{EFF8C713-14FB-4121-AE2E-A2BE2A614901}.Release|x64.ActiveCfg = Release|x64
		{EFF8C713-14FB-4121-AE2E-A2BE2A614901}.Release|x64.Build.0 = Release|x64
		{64A4FEFE-0461-4E95-8CC1-91EF5F57DBC6}.Debug|Any CPU.ActiveCfg = Debug|Win32
		{64A4FEFE-0461-4E95-8CC1-91EF5F57DBC6}.Debug|Mixed Platforms.ActiveCfg = Debug|Win32
		{64A4FEFE-0461-4E95-8CC1-91EF5F57DBC6}.Debug|Mixed Platforms.Build.0 = Debug|Win32
		{64A4FEFE-0461-4E95-8CC1-91EF5F57DBC6}.Debug|Win32.ActiveCfg = Debug|Win32
		{64A4FEFE-0461-4E95-8CC1-91EF5F57DBC6}.Debug|Win32.Build.0 = Debug|Win32
		{64A4FEFE-0461-4E95-8CC1-91EF5F57DBC6}.Debug|x64.ActiveCfg = Debug|x64
		{64A4FEFE-0461-4E95-8CC1-91EF5F57DBC6}.Debug|x64.Build.0 = Debug|x64
		{64A4FEFE-0461-4E95-8CC1-91EF5F57DBC6}.Release|Any CPU.ActiveCfg = Release|Win32
		{64A4FEFE-0461-4E95-8CC1-91EF5F57DBC6}.Release|Mixed Platforms.ActiveCfg = Release|Win32
		{64A4FEFE-0461-4E95-8CC1-91EF5F57DBC6}.Release|Mixed Platforms.Build.0 = Release|Win32
		{64A4FEFE-0461-4E95-8CC1-91EF5F57DBC6}.Release|Win32.ActiveCfg = Release|Win32
		{64A4FEFE-0461-4E95-8CC1-91EF5F57DBC6}.Release|Win32.Build.0 = Release|Win32
		{64A4FEFE-0461-4E95-8CC1-91EF5F57DBC6}.Release|x64.ActiveCfg = Release|x64
		{64A4FEFE-0461-4E95-8CC1-91EF5F57DBC6}.Release|x64.Build.0 = Release|x64
	EndGlobalSection
	GlobalSection(SolutionProperties) = preSolution
		HideSolutionNode = FALSE
	EndGlobalSection
	GlobalSection(NestedProjects) = preSolution
		{46E01EE4-7FBE-4A1C-A5EF-B14FB01AAC5D} = {7DB53567-CA6D-4F58-A2AB-337764CAFF55}
		{EDB71625-AF75-4DA5-BBA0-D85971251DD6} = {7DB53567-CA6D-4F58-A2AB-337764CAFF55}
		{23BDDADA-83DC-4980-B2B1-CBB0B678942F} = {3FAF788A-9BFB-413C-A85B-197BEE7F1321}
		{CE698894-DA6C-44F6-ADE0-3512208932C0} = {3FAF788A-9BFB-413C-A85B-197BEE7F1321}
		{0BCBC69E-3FA8-4722-BB95-3B706C65640E} = {3FAF788A-9BFB-413C-A85B-197BEE7F1321}
		{321FBA19-5BBD-44E5-BDA3-C5E6838DEBF6} = {B2911380-5E76-457A-AC80-A24B1EECA0BB}
		{62406A47-C94A-4C76-B1EF-2AB3E6E175D5} = {B2911380-5E76-457A-AC80-A24B1EECA0BB}
		{DB0DDAF0-9F7E-412E-9D15-327C832CFF00} = {B2911380-5E76-457A-AC80-A24B1EECA0BB}
		{73C28FE8-F8A1-440A-8160-57DA7E318CD3} = {B2911380-5E76-457A-AC80-A24B1EECA0BB}
		{92937010-1E2A-4928-A03A-49F6AD1C9927} = {5656FE26-2995-4842-B088-D8E29338C13E}
		{762B44B2-4615-4C7D-9418-DC604A6D930A} = {5656FE26-2995-4842-B088-D8E29338C13E}
		{C9E6F931-1DF5-4969-9964-4DC3B3B9DCFC} = {5656FE26-2995-4842-B088-D8E29338C13E}
		{60A53EEC-B17E-4BB8-9626-064ADA85CFC7} = {5656FE26-2995-4842-B088-D8E29338C13E}
		{608DC682-E676-4AA0-8886-FB8177C3A9B6} = {5656FE26-2995-4842-B088-D8E29338C13E}
		{1FF53D27-8086-4755-829D-53B5D13DB505} = {5656FE26-2995-4842-B088-D8E29338C13E}
		{84289E70-D37A-482E-A1D5-72E6773826DC} = {5656FE26-2995-4842-B088-D8E29338C13E}
		{F3930F29-C621-41EA-892C-8B5D48C5D2BB} = {5656FE26-2995-4842-B088-D8E29338C13E}
		{6247D689-9B0F-4FCB-817D-2258739B5AAE} = {5656FE26-2995-4842-B088-D8E29338C13E}
		{CD45229C-C675-473F-8AA1-2F8A782D754B} = {5656FE26-2995-4842-B088-D8E29338C13E}
		{E2D534DE-F3E6-44A3-B7D9-EEAD49C56A2C} = {5656FE26-2995-4842-B088-D8E29338C13E}
		{8B9E33FD-4749-440D-8007-EBCDFB1F3C00} = {5656FE26-2995-4842-B088-D8E29338C13E}
		{8B2601FE-BE04-4EC9-B703-48C106200470} = {92937010-1E2A-4928-A03A-49F6AD1C9927}
		{77B40DFE-E113-43EC-8059-099246687405} = {92937010-1E2A-4928-A03A-49F6AD1C9927}
		{B8D843B7-9EAC-410E-9131-57B33F27605A} = {23BDDADA-83DC-4980-B2B1-CBB0B678942F}
		{FB9B2DE4-6E41-452B-B166-B1145A8E3ACD} = {23BDDADA-83DC-4980-B2B1-CBB0B678942F}
		{740712A4-0B4B-4EEE-BFE8-A2E74F9C1CC7} = {23BDDADA-83DC-4980-B2B1-CBB0B678942F}
		{EFA49EB3-095E-47FA-BAE5-04E8F86E7676} = {CE698894-DA6C-44F6-ADE0-3512208932C0}
		{A5292682-B9B4-45D4-A867-0DDCD09A97F1} = {CE698894-DA6C-44F6-ADE0-3512208932C0}
		{CF92A5AA-E52E-4E60-AC3A-25996E089B08} = {CE698894-DA6C-44F6-ADE0-3512208932C0}
		{3EEDEF62-4AAD-43BF-B260-28F16A201AE7} = {CE698894-DA6C-44F6-ADE0-3512208932C0}
		{3AA4E4E3-9A41-43EF-868B-7830E848FD2C} = {CE698894-DA6C-44F6-ADE0-3512208932C0}
		{6557CA9C-2D94-4722-8CE3-ED4A3EDB0940} = {0BCBC69E-3FA8-4722-BB95-3B706C65640E}
		{54EABEB3-4FF1-43DD-AEC2-5CBD566E3942} = {0BCBC69E-3FA8-4722-BB95-3B706C65640E}
		{3464DE22-C75C-4826-B33B-7EB283CC060C} = {46E01EE4-7FBE-4A1C-A5EF-B14FB01AAC5D}
		{562212BD-4D30-461A-9452-88E372527BE2} = {8B9E33FD-4749-440D-8007-EBCDFB1F3C00}
		{8CC73BD6-B85E-4C1C-A020-DCEB0DF69EEE} = {28C3B38B-2DE5-4423-A225-2E18B2C2F820}
		{27023E90-F9FA-4224-B6C3-7B3340871F5E} = {28C3B38B-2DE5-4423-A225-2E18B2C2F820}
		{C379E036-BF17-4798-80B8-7C0EFA60B079} = {28C3B38B-2DE5-4423-A225-2E18B2C2F820}
		{CE53747F-D2E6-4E1E-9EF4-A0AE02671B1D} = {28C3B38B-2DE5-4423-A225-2E18B2C2F820}
		{0E7413FF-EB9E-4714-ACF2-BE3A6A7B2FFD} = {28C3B38B-2DE5-4423-A225-2E18B2C2F820}
		{41260955-25DE-4D86-B54F-282735B1289D} = {28C3B38B-2DE5-4423-A225-2E18B2C2F820}
		{15CBFEFF-7965-41F5-B4E2-21E8795C9159} = {28C3B38B-2DE5-4423-A225-2E18B2C2F820}
		{3A214E06-B95E-4D61-A291-1F8DF2EC10FD} = {28C3B38B-2DE5-4423-A225-2E18B2C2F820}
		{CEBDE98B-A6AA-46E6-BC79-FAAF823DB9EC} = {28C3B38B-2DE5-4423-A225-2E18B2C2F820}
		{F3E5680F-0EEF-4CF2-834F-0968E25CA647} = {28C3B38B-2DE5-4423-A225-2E18B2C2F820}
		{A9AE40FF-1A21-414A-9FE7-3BE13644CC6D} = {28C3B38B-2DE5-4423-A225-2E18B2C2F820}
		{EFF8C713-14FB-4121-AE2E-A2BE2A614901} = {28C3B38B-2DE5-4423-A225-2E18B2C2F820}
		{64A4FEFE-0461-4E95-8CC1-91EF5F57DBC6} = {28C3B38B-2DE5-4423-A225-2E18B2C2F820}
	EndGlobalSection
EndGlobal
