<?xml version="1.0" encoding="utf-8"?>
<Project ToolsVersion="4.0" xmlns="http://schemas.microsoft.com/developer/msbuild/2003">
  <ItemGroup>
    <Filter Include="archive">
      <UniqueIdentifier>{08cbd65d-e2e0-4f1f-ba2c-826ffcdf614f}</UniqueIdentifier>
    </Filter>
    <Filter Include="archive\zip">
      <UniqueIdentifier>{11e0b8bc-dfdc-4a97-9878-52375febe5db}</UniqueIdentifier>
    </Filter>
    <Filter Include="file">
      <UniqueIdentifier>{e482f410-19a0-4157-a46d-3e33dc7fd82f}</UniqueIdentifier>
    </Filter>
  </ItemGroup>
  <ItemGroup>
    <ClCompile Include="archive\zip\ZipArchiveHandlerImpl.cpp">
      <Filter>archive\zip</Filter>
    </ClCompile>
    <ClCompile Include="archive\zip\ZipFileImpl.cpp">
      <Filter>archive\zip</Filter>
    </ClCompile>
    <ClCompile Include="MGDFDefaultFileImpl.cpp">
      <Filter>file</Filter>
    </ClCompile>
    <ClCompile Include="MGDFDefaultFolderImpl.cpp">
      <Filter>file</Filter>
    </ClCompile>
    <ClCompile Include="MGDFFileBaseImpl.cpp">
      <Filter>file</Filter>
    </ClCompile>
    <ClCompile Include="MGDFVirtualFileSystemComponentImpl.cpp" />
    <ClCompile Include="stdafx.cpp" />
  </ItemGroup>
  <ItemGroup>
    <ClInclude Include="archive\zip\ZipArchiveHandlerImpl.hpp">
      <Filter>archive\zip</Filter>
    </ClInclude>
    <ClInclude Include="archive\zip\ZipFileImpl.hpp">
      <Filter>archive\zip</Filter>
    </ClInclude>
    <ClInclude Include="archive\zip\ZipFileRoot.hpp">
      <Filter>archive\zip</Filter>
    </ClInclude>
    <ClInclude Include="archive\zip\ZipFolderImpl.hpp">
      <Filter>archive\zip</Filter>
    </ClInclude>
    <ClInclude Include="MGDFDefaultFileImpl.hpp">
      <Filter>file</Filter>
    </ClInclude>
    <ClInclude Include="MGDFDefaultFolderImpl.hpp">
      <Filter>file</Filter>
    </ClInclude>
    <ClInclude Include="MGDFFileBaseImpl.hpp">
      <Filter>file</Filter>
    </ClInclude>
    <ClInclude Include="MGDFFolderBaseImpl.hpp">
      <Filter>file</Filter>
    </ClInclude>
    <ClInclude Include="MGDFVirtualFileSystemComponentImpl.hpp" />
    <ClInclude Include="stdafx.h" />
  </ItemGroup>
</Project>