<?xml version="1.0" encoding="utf-8"?>
<Project ToolsVersion="4.0" xmlns="http://schemas.microsoft.com/developer/msbuild/2003">
  <ItemGroup>
    <Filter Include="archive">
      <UniqueIdentifier>{08cbd65d-e2e0-4f1f-ba2c-826ffcdf614f}</UniqueIdentifier>
    </Filter>
    <Filter Include="archive\zip">
      <UniqueIdentifier>{11e0b8bc-dfdc-4a97-9878-52375febe5db}</UniqueIdentifier>
    </Filter>
    <Filter Include="writeable">
      <UniqueIdentifier>{57cdae95-5462-4038-86d6-7298b8975c29}</UniqueIdentifier>
    </Filter>
    <Filter Include="readonly">
      <UniqueIdentifier>{e482f410-19a0-4157-a46d-3e33dc7fd82f}</UniqueIdentifier>
    </Filter>
  </ItemGroup>
  <ItemGroup>
    <ClCompile Include="archive\zip\ZipArchiveHandlerImpl.cpp">
      <Filter>archive\zip</Filter>
    </ClCompile>
    <ClCompile Include="archive\zip\ZipFileImpl.cpp">
      <Filter>archive\zip</Filter>
    </ClCompile>
    <ClCompile Include="stdafx.cpp" />
    <ClCompile Include="MGDFDefaultReadOnlyFolderImpl.cpp">
      <Filter>readonly</Filter>
    </ClCompile>
    <ClCompile Include="MGDFReadOnlyFileBaseImpl.cpp">
      <Filter>readonly</Filter>
    </ClCompile>
    <ClCompile Include="MGDFDefaultWriteableFileImpl.cpp">
      <Filter>writeable</Filter>
    </ClCompile>
    <ClCompile Include="MGDFDefaultFileReader.cpp" />
    <ClCompile Include="MGDFWriteableVirtualFileSystem.cpp">
      <Filter>writeable</Filter>
    </ClCompile>
    <ClCompile Include="MGDFReadOnlyVirtualFileSystemComponentImpl.cpp">
      <Filter>readonly</Filter>
    </ClCompile>
    <ClCompile Include="MGDFDefaultReadOnlyFileImpl.cpp">
      <Filter>readonly</Filter>
    </ClCompile>
    <ClCompile Include="archive\zip\ZipFolderImpl.cpp">
      <Filter>archive\zip</Filter>
    </ClCompile>
  </ItemGroup>
  <ItemGroup>
    <ClInclude Include="archive\zip\ZipArchiveHandlerImpl.hpp">
      <Filter>archive\zip</Filter>
    </ClInclude>
    <ClInclude Include="archive\zip\ZipFileImpl.hpp">
      <Filter>archive\zip</Filter>
    </ClInclude>
    <ClInclude Include="archive\zip\ZipFileRoot.hpp">
      <Filter>archive\zip</Filter>
    </ClInclude>
    <ClInclude Include="archive\zip\ZipFolderImpl.hpp">
      <Filter>archive\zip</Filter>
    </ClInclude>
    <ClInclude Include="stdafx.h" />
    <ClInclude Include="MGDFDefaultReadOnlyFolderImpl.hpp">
      <Filter>readonly</Filter>
    </ClInclude>
    <ClInclude Include="MGDFReadOnlyFileBaseImpl.hpp">
      <Filter>readonly</Filter>
    </ClInclude>
    <ClInclude Include="MGDFDefaultWriteableFileImpl.hpp">
      <Filter>writeable</Filter>
    </ClInclude>
    <ClInclude Include="MGDFDefaultFileReader.hpp" />
    <ClInclude Include="MGDFWriteableVirtualFileSystem.hpp">
      <Filter>writeable</Filter>
    </ClInclude>
    <ClInclude Include="MGDFReadOnlyVirtualFileSystemComponentImpl.hpp">
      <Filter>readonly</Filter>
    </ClInclude>
    <ClInclude Include="MGDFDefaultReadOnlyFileImpl.hpp">
      <Filter>readonly</Filter>
    </ClInclude>
    <ClInclude Include="MGDFLogicalPathResolver.h" />
  </ItemGroup>
</Project>