
Microsoft Visual Studio Solution File, Format Version 12.00
# Visual Studio 2013
VisualStudioVersion = 12.0.30723.0
MinimumVisualStudioVersion = 10.0.40219.1
Project("{FAE04EC0-301F-11D3-BF4B-00C04F79EFBC}") = "MatchstickFramework.Docgen", "MatchstickFramework.Docgen\MatchstickFramework.Docgen.csproj", "{811FDD54-AE80-4ED5-867F-E3313E07DEDD}"
EndProject
Project("{FAE04EC0-301F-11D3-BF4B-00C04F79EFBC}") = "MatchstickFramework.Docgen.Model", "MatchstickFramework.Docgen.Model\MatchstickFramework.Docgen.Model.csproj", "{71C65593-1C51-4DF2-A709-FFB77C9A8855}"
EndProject
Global
	GlobalSection(SolutionConfigurationPlatforms) = preSolution
		Debug|Any CPU = Debug|Any CPU
		Release|Any CPU = Release|Any CPU
	EndGlobalSection
	GlobalSection(ProjectConfigurationPlatforms) = postSolution
		{811FDD54-AE80-4ED5-867F-E3313E07DEDD}.Debug|Any CPU.ActiveCfg = Debug|Any CPU
		{811FDD54-AE80-4ED5-867F-E3313E07DEDD}.Debug|Any CPU.Build.0 = Debug|Any CPU
		{811FDD54-AE80-4ED5-867F-E3313E07DEDD}.Release|Any CPU.ActiveCfg = Release|Any CPU
		{811FDD54-AE80-4ED5-867F-E3313E07DEDD}.Release|Any CPU.Build.0 = Release|Any CPU
		{71C65593-1C51-4DF2-A709-FFB77C9A8855}.Debug|Any CPU.ActiveCfg = Debug|Any CPU
		{71C65593-1C51-4DF2-A709-FFB77C9A8855}.Debug|Any CPU.Build.0 = Debug|Any CPU
		{71C65593-1C51-4DF2-A709-FFB77C9A8855}.Release|Any CPU.ActiveCfg = Release|Any CPU
		{71C65593-1C51-4DF2-A709-FFB77C9A8855}.Release|Any CPU.Build.0 = Release|Any CPU
	EndGlobalSection
	GlobalSection(SolutionProperties) = preSolution
		HideSolutionNode = FALSE
	EndGlobalSection
EndGlobal
